{
  "version": 4,
  "terraform_version": "0.12.1",
  "serial": 37,
  "lineage": "5e42215b-778a-5f15-1d9a-28d160f73c12",
  "outputs": {
    "azs": {
      "value": [
        "us-east-2a",
        "us-east-2b"
      ],
      "type": [
        "list",
        "string"
      ]
    },
    "loadbalancer_dns_name": {
      "value": "terraform-example-elb-676793337.us-east-2.elb.amazonaws.com",
      "type": "string"
    },
    "loadbalancer_dns_name_104": {
      "value": "terraform-example-elb104-563308471.us-east-2.elb.amazonaws.com",
      "type": "string"
    },
    "loadbalancer_zone_id": {
      "value": "Z3AADJGX6KTTL2",
      "type": "string"
    },
    "loadbalancer_zone_id_104": {
      "value": "Z3AADJGX6KTTL2",
      "type": "string"
    },
    "nat_public_ips": {
      "value": [
        "3.13.182.44"
      ],
      "type": [
        "tuple",
        [
          "string"
        ]
      ]
    },
    "private_subnets": {
      "value": [
        "subnet-0ffa3b44c9a3cfd91",
        "subnet-0518ef96341d47902"
      ],
      "type": [
        "tuple",
        [
          "string",
          "string"
        ]
      ]
    },
    "public_subnets": {
      "value": [
        "subnet-038e37d300491f412",
        "subnet-0e357a1d58c23adab"
      ],
      "type": [
        "tuple",
        [
          "string",
          "string"
        ]
      ]
    },
    "vpc_cidr_block": {
      "value": "10.0.0.0/16",
      "type": "string"
    },
    "vpc_id": {
      "value": "vpc-0db757322b51dfbcf",
      "type": "string"
    }
  },
  "resources": [
    {
      "mode": "data",
      "type": "aws_security_group",
      "name": "default",
      "provider": "provider.aws",
      "instances": [
        {
          "schema_version": 0,
          "attributes": {
            "arn": "arn:aws:ec2:us-east-2:182586707942:security-group/sg-0b66f7fc7723d436d",
            "description": "default VPC security group",
            "filter": null,
            "id": "sg-0b66f7fc7723d436d",
            "name": "default",
            "tags": {},
            "vpc_id": "vpc-0db757322b51dfbcf"
          },
          "depends_on": [
            "module.vpc"
          ]
        }
      ]
    },
    {
      "module": "module.vpc",
      "mode": "data",
      "type": "aws_vpc_endpoint_service",
      "name": "apigw",
      "each": "list",
      "provider": "provider.aws",
      "instances": []
    },
    {
      "module": "module.vpc",
      "mode": "data",
      "type": "aws_vpc_endpoint_service",
      "name": "cloudtrail",
      "each": "list",
      "provider": "provider.aws",
      "instances": []
    },
    {
      "module": "module.vpc",
      "mode": "data",
      "type": "aws_vpc_endpoint_service",
      "name": "dynamodb",
      "each": "list",
      "provider": "provider.aws",
      "instances": []
    },
    {
      "module": "module.vpc",
      "mode": "data",
      "type": "aws_vpc_endpoint_service",
      "name": "ec2",
      "each": "list",
      "provider": "provider.aws",
      "instances": []
    },
    {
      "module": "module.vpc",
      "mode": "data",
      "type": "aws_vpc_endpoint_service",
      "name": "ec2messages",
      "each": "list",
      "provider": "provider.aws",
      "instances": []
    },
    {
      "module": "module.vpc",
      "mode": "data",
      "type": "aws_vpc_endpoint_service",
      "name": "ecr_api",
      "each": "list",
      "provider": "provider.aws",
      "instances": []
    },
    {
      "module": "module.vpc",
      "mode": "data",
      "type": "aws_vpc_endpoint_service",
      "name": "ecr_dkr",
      "each": "list",
      "provider": "provider.aws",
      "instances": []
    },
    {
      "module": "module.vpc",
      "mode": "data",
      "type": "aws_vpc_endpoint_service",
      "name": "ecs",
      "each": "list",
      "provider": "provider.aws",
      "instances": []
    },
    {
      "module": "module.vpc",
      "mode": "data",
      "type": "aws_vpc_endpoint_service",
      "name": "ecs_agent",
      "each": "list",
      "provider": "provider.aws",
      "instances": []
    },
    {
      "module": "module.vpc",
      "mode": "data",
      "type": "aws_vpc_endpoint_service",
      "name": "ecs_telemetry",
      "each": "list",
      "provider": "provider.aws",
      "instances": []
    },
    {
      "module": "module.vpc",
      "mode": "data",
      "type": "aws_vpc_endpoint_service",
      "name": "elasticloadbalancing",
      "each": "list",
      "provider": "provider.aws",
      "instances": []
    },
    {
      "module": "module.vpc",
      "mode": "data",
      "type": "aws_vpc_endpoint_service",
      "name": "events",
      "each": "list",
      "provider": "provider.aws",
      "instances": []
    },
    {
      "module": "module.vpc",
      "mode": "data",
      "type": "aws_vpc_endpoint_service",
      "name": "kms",
      "each": "list",
      "provider": "provider.aws",
      "instances": []
    },
    {
      "module": "module.vpc",
      "mode": "data",
      "type": "aws_vpc_endpoint_service",
      "name": "logs",
      "each": "list",
      "provider": "provider.aws",
      "instances": []
    },
    {
      "module": "module.vpc",
      "mode": "data",
      "type": "aws_vpc_endpoint_service",
      "name": "monitoring",
      "each": "list",
      "provider": "provider.aws",
      "instances": []
    },
    {
      "module": "module.vpc",
      "mode": "data",
      "type": "aws_vpc_endpoint_service",
      "name": "s3",
      "each": "list",
      "provider": "provider.aws",
      "instances": []
    },
    {
      "module": "module.vpc",
      "mode": "data",
      "type": "aws_vpc_endpoint_service",
      "name": "sns",
      "each": "list",
      "provider": "provider.aws",
      "instances": []
    },
    {
      "module": "module.vpc",
      "mode": "data",
      "type": "aws_vpc_endpoint_service",
      "name": "sqs",
      "each": "list",
      "provider": "provider.aws",
      "instances": []
    },
    {
      "module": "module.vpc",
      "mode": "data",
      "type": "aws_vpc_endpoint_service",
      "name": "ssm",
      "each": "list",
      "provider": "provider.aws",
      "instances": []
    },
    {
      "module": "module.vpc",
      "mode": "data",
      "type": "aws_vpc_endpoint_service",
      "name": "ssmmessages",
      "each": "list",
      "provider": "provider.aws",
      "instances": []
    },
    {
      "mode": "managed",
      "type": "aws_autoscaling_attachment",
      "name": "asg_attachment_bar",
      "provider": "provider.aws",
      "instances": [
        {
          "schema_version": 0,
          "attributes": {
            "alb_target_group_arn": null,
            "autoscaling_group_name": "instances_autoscaling_group",
            "elb": "terraform-example-elb",
            "id": "instances_autoscaling_group-20190701195801852300000003"
          },
          "depends_on": [
            "aws_autoscaling_group.instances_autoscaling_group",
            "aws_elb.web"
          ]
        }
      ]
    },
    {
      "mode": "managed",
      "type": "aws_autoscaling_attachment",
      "name": "asg_attachment_bar104",
      "provider": "provider.aws",
      "instances": [
        {
          "schema_version": 0,
          "attributes": {
            "alb_target_group_arn": null,
            "autoscaling_group_name": "instances_autoscaling_group104",
            "elb": "terraform-example-elb104",
            "id": "instances_autoscaling_group104-20190701201819795700000002"
          },
          "depends_on": [
            "aws_autoscaling_group.instances_autoscaling_group104",
            "aws_elb.web104"
          ]
        }
      ]
    },
    {
      "mode": "managed",
      "type": "aws_autoscaling_group",
      "name": "instances_autoscaling_group",
      "provider": "provider.aws",
      "instances": [
        {
          "schema_version": 0,
          "attributes": {
            "arn": "arn:aws:autoscaling:us-east-2:182586707942:autoScalingGroup:a97a195f-1043-4d83-b9a7-2fa7b48411b3:autoScalingGroupName/instances_autoscaling_group",
            "availability_zones": [
              "us-east-2a"
            ],
            "default_cooldown": 300,
            "desired_capacity": 2,
            "enabled_metrics": [],
            "force_delete": false,
            "health_check_grace_period": 300,
            "health_check_type": "EC2",
            "id": "instances_autoscaling_group",
            "initial_lifecycle_hook": [],
            "launch_configuration": "terraform-lc-example-20190701201739331900000001",
            "launch_template": [],
            "load_balancers": [
              "terraform-example-elb"
            ],
            "max_size": 3,
            "metrics_granularity": "1Minute",
            "min_elb_capacity": null,
            "min_size": 2,
            "mixed_instances_policy": [],
            "name": "instances_autoscaling_group",
            "name_prefix": null,
            "placement_group": "",
            "protect_from_scale_in": false,
            "service_linked_role_arn": "arn:aws:iam::182586707942:role/aws-service-role/autoscaling.amazonaws.com/AWSServiceRoleForAutoScaling",
            "suspended_processes": [],
            "tag": [
              {
                "key": "Initialized",
                "propagate_at_launch": true,
                "value": "false"
              },
              {
                "key": "Name",
                "propagate_at_launch": true,
                "value": "AutoScaled"
              }
            ],
            "tags": null,
            "target_group_arns": [],
            "termination_policies": [],
            "timeouts": null,
            "vpc_zone_identifier": [
              "subnet-038e37d300491f412"
            ],
            "wait_for_capacity_timeout": "10m",
            "wait_for_elb_capacity": null
          },
          "depends_on": [
            "aws_elb.web",
            "aws_launch_configuration.as_conf",
            "module.vpc"
          ]
        }
      ]
    },
    {
      "mode": "managed",
      "type": "aws_autoscaling_group",
      "name": "instances_autoscaling_group104",
      "provider": "provider.aws",
      "instances": [
        {
          "schema_version": 0,
          "attributes": {
            "arn": "arn:aws:autoscaling:us-east-2:182586707942:autoScalingGroup:832383f4-5883-4fa9-ad4b-1cd24bf08f0a:autoScalingGroupName/instances_autoscaling_group104",
            "availability_zones": [
              "us-east-2a"
            ],
            "default_cooldown": 300,
            "desired_capacity": 2,
            "enabled_metrics": null,
            "force_delete": false,
            "health_check_grace_period": 300,
            "health_check_type": "EC2",
            "id": "instances_autoscaling_group104",
            "initial_lifecycle_hook": [],
            "launch_configuration": "terraform-lc-example-20190701201739331900000001",
            "launch_template": [],
            "load_balancers": [
              "terraform-example-elb104"
            ],
            "max_size": 3,
            "metrics_granularity": "1Minute",
            "min_elb_capacity": null,
            "min_size": 2,
            "mixed_instances_policy": [],
            "name": "instances_autoscaling_group104",
            "name_prefix": null,
            "placement_group": "",
            "protect_from_scale_in": false,
            "service_linked_role_arn": "arn:aws:iam::182586707942:role/aws-service-role/autoscaling.amazonaws.com/AWSServiceRoleForAutoScaling",
            "suspended_processes": null,
            "tag": [
              {
                "key": "Initialized",
                "propagate_at_launch": true,
                "value": "false"
              },
              {
                "key": "Name",
                "propagate_at_launch": true,
                "value": "AutoScaled"
              }
            ],
            "tags": null,
            "target_group_arns": [],
            "termination_policies": null,
            "timeouts": null,
            "vpc_zone_identifier": [
              "subnet-038e37d300491f412"
            ],
            "wait_for_capacity_timeout": "10m",
            "wait_for_elb_capacity": null
          },
          "depends_on": [
            "aws_elb.web104",
            "aws_launch_configuration.as_conf",
            "module.vpc"
          ]
        }
      ]
    },
    {
      "mode": "managed",
      "type": "aws_autoscaling_policy",
      "name": "instances_autoscaling_policy",
      "provider": "provider.aws",
      "instances": [
        {
          "schema_version": 0,
          "attributes": {
            "adjustment_type": "ChangeInCapacity",
            "arn": "arn:aws:autoscaling:us-east-2:182586707942:scalingPolicy:f3d87b62-1b4b-452e-bc33-83f84cab5d51:autoScalingGroupName/instances_autoscaling_group:policyName/instances_autoscaling_policy",
            "autoscaling_group_name": "instances_autoscaling_group",
            "cooldown": 300,
            "estimated_instance_warmup": 0,
            "id": "instances_autoscaling_policy",
            "metric_aggregation_type": "",
            "min_adjustment_magnitude": null,
            "min_adjustment_step": null,
            "name": "instances_autoscaling_policy",
            "policy_type": "SimpleScaling",
            "scaling_adjustment": 1,
            "step_adjustment": [],
            "target_tracking_configuration": []
          },
          "depends_on": [
            "aws_autoscaling_group.instances_autoscaling_group"
          ]
        }
      ]
    },
    {
      "mode": "managed",
      "type": "aws_autoscaling_policy",
      "name": "instances_autoscaling_policy104",
      "provider": "provider.aws",
      "instances": [
        {
          "schema_version": 0,
          "attributes": {
            "adjustment_type": "ChangeInCapacity",
            "arn": "arn:aws:autoscaling:us-east-2:182586707942:scalingPolicy:ff0372a3-f5e3-4a3a-b111-3b45d2aca007:autoScalingGroupName/instances_autoscaling_group104:policyName/instances_autoscaling_policy",
            "autoscaling_group_name": "instances_autoscaling_group104",
            "cooldown": 300,
            "estimated_instance_warmup": 0,
            "id": "instances_autoscaling_policy",
            "metric_aggregation_type": "",
            "min_adjustment_magnitude": null,
            "min_adjustment_step": null,
            "name": "instances_autoscaling_policy",
            "policy_type": "SimpleScaling",
            "scaling_adjustment": 1,
            "step_adjustment": [],
            "target_tracking_configuration": []
          },
          "depends_on": [
            "aws_autoscaling_group.instances_autoscaling_group104"
          ]
        }
      ]
    },
    {
      "module": "module.vpc",
      "mode": "managed",
      "type": "aws_db_subnet_group",
      "name": "database",
      "each": "list",
      "provider": "provider.aws",
      "instances": []
    },
    {
      "module": "module.vpc",
      "mode": "managed",
      "type": "aws_default_network_acl",
      "name": "this",
      "each": "list",
      "provider": "provider.aws",
      "instances": []
    },
    {
      "module": "module.vpc",
      "mode": "managed",
      "type": "aws_default_vpc",
      "name": "this",
      "each": "list",
      "provider": "provider.aws",
      "instances": []
    },
    {
      "module": "module.vpc",
      "mode": "managed",
      "type": "aws_eip",
      "name": "nat",
      "each": "list",
      "provider": "provider.aws",
      "instances": [
        {
          "index_key": 0,
          "schema_version": 0,
          "attributes": {
            "allocation_id": null,
            "associate_with_private_ip": null,
            "association_id": "eipassoc-0e4250e2d7c089947",
            "domain": "vpc",
            "id": "eipalloc-0a232046508a7de2f",
            "instance": "",
            "network_interface": "eni-0672e49a5392ef28b",
            "private_dns": "ip-10-0-101-108.us-east-2.compute.internal",
            "private_ip": "10.0.101.108",
            "public_dns": "ec2-3-13-182-44.us-east-2.compute.amazonaws.com",
            "public_ip": "3.13.182.44",
            "public_ipv4_pool": "amazon",
            "tags": {
              "Environment": "dev",
              "Name": "simple-example-us-east-2a",
              "Owner": "user"
            },
            "timeouts": null,
            "vpc": true
          }
        }
      ]
    },
    {
      "module": "module.vpc",
      "mode": "managed",
      "type": "aws_elasticache_subnet_group",
      "name": "elasticache",
      "each": "list",
      "provider": "provider.aws",
      "instances": []
    },
    {
      "mode": "managed",
      "type": "aws_elb",
      "name": "web",
      "provider": "provider.aws",
      "instances": [
        {
          "schema_version": 0,
          "attributes": {
            "access_logs": [],
            "arn": "arn:aws:elasticloadbalancing:us-east-2:182586707942:loadbalancer/terraform-example-elb",
            "availability_zones": [
              "us-east-2a"
            ],
            "connection_draining": false,
            "connection_draining_timeout": 300,
            "cross_zone_load_balancing": true,
            "dns_name": "terraform-example-elb-676793337.us-east-2.elb.amazonaws.com",
            "health_check": [
              {
                "healthy_threshold": 10,
                "interval": 30,
                "target": "TCP:8080",
                "timeout": 5,
                "unhealthy_threshold": 2
              }
            ],
            "id": "terraform-example-elb",
            "idle_timeout": 60,
            "instances": [
              "i-0766c0df462752fd1",
              "i-0eb546e6d322395ef"
            ],
            "internal": false,
            "listener": [
              {
                "instance_port": 8080,
                "instance_protocol": "http",
                "lb_port": 80,
                "lb_protocol": "http",
                "ssl_certificate_id": ""
              }
            ],
            "name": "terraform-example-elb",
            "name_prefix": null,
            "security_groups": [
              "sg-0c4a2aeb0c8cb95d1"
            ],
            "source_security_group": "182586707942/terraform_example_elb",
            "source_security_group_id": "sg-0c4a2aeb0c8cb95d1",
            "subnets": [
              "subnet-038e37d300491f412"
            ],
            "tags": {},
            "zone_id": "Z3AADJGX6KTTL2"
          },
          "depends_on": [
            "aws_security_group.elb",
            "module.vpc"
          ]
        }
      ]
    },
    {
      "mode": "managed",
      "type": "aws_elb",
      "name": "web104",
      "provider": "provider.aws",
      "instances": [
        {
          "schema_version": 0,
          "attributes": {
            "access_logs": [],
            "arn": "arn:aws:elasticloadbalancing:us-east-2:182586707942:loadbalancer/terraform-example-elb104",
            "availability_zones": [
              "us-east-2a"
            ],
            "connection_draining": false,
            "connection_draining_timeout": 300,
            "cross_zone_load_balancing": true,
            "dns_name": "terraform-example-elb104-563308471.us-east-2.elb.amazonaws.com",
            "health_check": [
              {
                "healthy_threshold": 10,
                "interval": 30,
                "target": "TCP:8080",
                "timeout": 5,
                "unhealthy_threshold": 2
              }
            ],
            "id": "terraform-example-elb104",
            "idle_timeout": 60,
            "instances": [],
            "internal": false,
            "listener": [
              {
                "instance_port": 8080,
                "instance_protocol": "http",
                "lb_port": 80,
                "lb_protocol": "http",
                "ssl_certificate_id": ""
              }
            ],
            "name": "terraform-example-elb104",
            "name_prefix": null,
            "security_groups": [
              "sg-0c4a2aeb0c8cb95d1"
            ],
            "source_security_group": "182586707942/terraform_example_elb",
            "source_security_group_id": "sg-0c4a2aeb0c8cb95d1",
            "subnets": [
              "subnet-038e37d300491f412"
            ],
            "tags": null,
            "zone_id": "Z3AADJGX6KTTL2"
          },
          "depends_on": [
            "aws_security_group.elb",
            "module.vpc"
          ]
        }
      ]
    },
    {
      "module": "module.vpc",
      "mode": "managed",
      "type": "aws_internet_gateway",
      "name": "this",
      "each": "list",
      "provider": "provider.aws",
      "instances": [
        {
          "index_key": 0,
          "schema_version": 0,
          "attributes": {
            "id": "igw-0f04cdb993bb2e49d",
            "owner_id": "182586707942",
            "tags": {
              "Environment": "dev",
              "Name": "simple-example",
              "Owner": "user"
            },
            "vpc_id": "vpc-0db757322b51dfbcf"
          }
        }
      ]
    },
    {
      "mode": "managed",
      "type": "aws_launch_configuration",
      "name": "as_conf",
      "provider": "provider.aws",
      "instances": [
        {
          "schema_version": 0,
          "attributes": {
            "associate_public_ip_address": false,
            "ebs_block_device": [],
            "ebs_optimized": false,
            "enable_monitoring": true,
            "ephemeral_block_device": [],
            "iam_instance_profile": "",
            "id": "terraform-lc-example-20190701201739331900000001",
            "image_id": "ami-0c55b159cbfafe1f0",
            "instance_type": "t2.micro",
            "key_name": "ohio",
            "name": "terraform-lc-example-20190701201739331900000001",
            "name_prefix": "terraform-lc-example-",
            "placement_tenancy": null,
            "root_block_device": [],
            "security_groups": [
              "sg-0d5d8904ed8896555"
            ],
            "spot_price": "",
            "user_data": null,
            "user_data_base64": "IyEgL2Jpbi9iYXNoCmFwdCB1cGRhdGUgLXkKYXB0IGluc3RhbGwgZGVmYXVsdC1qZGsgLXkKYXB0IGluc3RhbGwgdW56aXAKbWtkaXIgL29wdC90b21jYXQKdXNlcmFkZCAtcyAvYmluL2ZhbHNlIC1kIC9vcHQvdG9tY2F0IHRvbWNhdApjdXJsIC1rIGh0dHBzOi8vYXJjaGl2ZS5hcGFjaGUub3JnL2Rpc3QvdG9tY2F0L3RvbWNhdC05L3Y5LjAuMTAvYmluL2FwYWNoZS10b21jYXQtOS4wLjEwLnRhci5neiAtbyAvdG1wL2FwYWNoZS10b21jYXQtOS4wLjEwLnRhci5negp0YXIgeHp2ZiAvdG1wL2FwYWNoZS10b21jYXQtOS4wLjEwLnRhci5neiAtQyAvb3B0L3RvbWNhdCAtLXN0cmlwLWNvbXBvbmVudHM9MQpjaGdycCAtUiB0b21jYXQgL29wdC90b21jYXQKY2htb2QgLVIgZytyIC9vcHQvdG9tY2F0L2NvbmYKY2htb2QgZyt4IC9vcHQvdG9tY2F0L2NvbmYKY2hvd24gLVIgdG9tY2F0IC9vcHQvdG9tY2F0L3dlYmFwcHMvIC9vcHQvdG9tY2F0L3dvcmsvIC9vcHQvdG9tY2F0L3RlbXAvIC9vcHQvdG9tY2F0L2xvZ3MvCgoKY2F0ID4gL3RtcC90b21jYXQuc2VydmljZSA8PEVPTApbVW5pdF0KRGVzY3JpcHRpb249QXBhY2hlIFRvbWNhdCBXZWIgQXBwbGljYXRpb24gQ29udGFpbmVyCkFmdGVyPW5ldHdvcmsudGFyZ2V0CgpbU2VydmljZV0KVHlwZT1mb3JraW5nCgpFbnZpcm9ubWVudD1KQVZBX0hPTUU9L3Vzci9saWIvanZtL2phdmEtMS4xMS4wLW9wZW5qZGstYW1kNjQKRW52aXJvbm1lbnQ9Q0FUQUxJTkFfUElEPS9vcHQvdG9tY2F0L3RlbXAvdG9tY2F0LnBpZApFbnZpcm9ubWVudD1DQVRBTElOQV9IT01FPS9vcHQvdG9tY2F0CkVudmlyb25tZW50PUNBVEFMSU5BX0JBU0U9L29wdC90b21jYXQKRW52aXJvbm1lbnQ9J0NBVEFMSU5BX09QVFM9LVhtczUxMk0gLVhteDEwMjRNIC1zZXJ2ZXIgLVhYOitVc2VQYXJhbGxlbEdDJwpFbnZpcm9ubWVudD0nSkFWQV9PUFRTPS1EamF2YS5hd3QuaGVhZGxlc3M9dHJ1ZSAtRGphdmEuc2VjdXJpdHkuZWdkPWZpbGU6L2Rldi8uL3VyYW5kb20nCkV4ZWNTdGFydD0vb3B0L3RvbWNhdC9iaW4vc3RhcnR1cC5zaApFeGVjU3RvcD0vb3B0L3RvbWNhdC9iaW4vc2h1dGRvd24uc2gKClVzZXI9dG9tY2F0Ckdyb3VwPXRvbWNhdApVTWFzaz0wMDA3ClJlc3RhcnRTZWM9MTAKUmVzdGFydD1hbHdheXMKCltJbnN0YWxsXQpXYW50ZWRCeT1tdWx0aS11c2VyLnRhcmdldApFT0wKCnN1ZG8gY3AgLXYgL3RtcC90b21jYXQuc2VydmljZSAvZXRjL3N5c3RlbWQvc3lzdGVtL3RvbWNhdC5zZXJ2aWNlIAojRG93bmxvYWQgb3VyIGJpbmFyeQp3Z2V0IC1PIC90bXAvaGVsbG8ud2FyIGh0dHBzOi8vZ2l0aHViLmNvbS9PbWVyQ2VsaWtlci9oZWxsb1d3YXIvYmxvYi9tYXN0ZXIvZGlzdC9oZWxsby0xLjAuNC53YXI/cmF3PXRydWUKY3AgLXYgL3RtcC9oZWxsby53YXIgL29wdC90b21jYXQvd2ViYXBwcyAKc3lzdGVtY3RsIGRhZW1vbi1yZWxvYWQKc3lzdGVtY3RsIHN0YXJ0IHRvbWNhdApzeXN0ZW1jdGwgZW5hYmxlIHRvbWNhdA==",
            "vpc_classic_link_id": "",
            "vpc_classic_link_security_groups": null
          },
          "depends_on": [
            "aws_security_group.default"
          ]
        }
      ]
    },
    {
      "module": "module.vpc",
      "mode": "managed",
      "type": "aws_nat_gateway",
      "name": "this",
      "each": "list",
      "provider": "provider.aws",
      "instances": [
        {
          "index_key": 0,
          "schema_version": 0,
          "attributes": {
            "allocation_id": "eipalloc-0a232046508a7de2f",
            "id": "nat-0c2dd325cc874a5de",
            "network_interface_id": "eni-0672e49a5392ef28b",
            "private_ip": "10.0.101.108",
            "public_ip": "3.13.182.44",
            "subnet_id": "subnet-038e37d300491f412",
            "tags": {
              "Environment": "dev",
              "Name": "simple-example-us-east-2a",
              "Owner": "user"
            }
          },
          "depends_on": [
            "aws_internet_gateway.this",
            "aws_subnet.public"
          ]
        }
      ]
    },
    {
      "module": "module.vpc",
      "mode": "managed",
      "type": "aws_network_acl",
      "name": "database",
      "each": "list",
      "provider": "provider.aws",
      "instances": []
    },
    {
      "module": "module.vpc",
      "mode": "managed",
      "type": "aws_network_acl",
      "name": "elasticache",
      "each": "list",
      "provider": "provider.aws",
      "instances": []
    },
    {
      "module": "module.vpc",
      "mode": "managed",
      "type": "aws_network_acl",
      "name": "intra",
      "each": "list",
      "provider": "provider.aws",
      "instances": []
    },
    {
      "module": "module.vpc",
      "mode": "managed",
      "type": "aws_network_acl",
      "name": "private",
      "each": "list",
      "provider": "provider.aws",
      "instances": []
    },
    {
      "module": "module.vpc",
      "mode": "managed",
      "type": "aws_network_acl",
      "name": "public",
      "each": "list",
      "provider": "provider.aws",
      "instances": []
    },
    {
      "module": "module.vpc",
      "mode": "managed",
      "type": "aws_network_acl",
      "name": "redshift",
      "each": "list",
      "provider": "provider.aws",
      "instances": []
    },
    {
      "module": "module.vpc",
      "mode": "managed",
      "type": "aws_network_acl_rule",
      "name": "database_inbound",
      "each": "list",
      "provider": "provider.aws",
      "instances": []
    },
    {
      "module": "module.vpc",
      "mode": "managed",
      "type": "aws_network_acl_rule",
      "name": "database_outbound",
      "each": "list",
      "provider": "provider.aws",
      "instances": []
    },
    {
      "module": "module.vpc",
      "mode": "managed",
      "type": "aws_network_acl_rule",
      "name": "elasticache_inbound",
      "each": "list",
      "provider": "provider.aws",
      "instances": []
    },
    {
      "module": "module.vpc",
      "mode": "managed",
      "type": "aws_network_acl_rule",
      "name": "elasticache_outbound",
      "each": "list",
      "provider": "provider.aws",
      "instances": []
    },
    {
      "module": "module.vpc",
      "mode": "managed",
      "type": "aws_network_acl_rule",
      "name": "intra_inbound",
      "each": "list",
      "provider": "provider.aws",
      "instances": []
    },
    {
      "module": "module.vpc",
      "mode": "managed",
      "type": "aws_network_acl_rule",
      "name": "intra_outbound",
      "each": "list",
      "provider": "provider.aws",
      "instances": []
    },
    {
      "module": "module.vpc",
      "mode": "managed",
      "type": "aws_network_acl_rule",
      "name": "private_inbound",
      "each": "list",
      "provider": "provider.aws",
      "instances": []
    },
    {
      "module": "module.vpc",
      "mode": "managed",
      "type": "aws_network_acl_rule",
      "name": "private_outbound",
      "each": "list",
      "provider": "provider.aws",
      "instances": []
    },
    {
      "module": "module.vpc",
      "mode": "managed",
      "type": "aws_network_acl_rule",
      "name": "public_inbound",
      "each": "list",
      "provider": "provider.aws",
      "instances": []
    },
    {
      "module": "module.vpc",
      "mode": "managed",
      "type": "aws_network_acl_rule",
      "name": "public_outbound",
      "each": "list",
      "provider": "provider.aws",
      "instances": []
    },
    {
      "module": "module.vpc",
      "mode": "managed",
      "type": "aws_network_acl_rule",
      "name": "redshift_inbound",
      "each": "list",
      "provider": "provider.aws",
      "instances": []
    },
    {
      "module": "module.vpc",
      "mode": "managed",
      "type": "aws_network_acl_rule",
      "name": "redshift_outbound",
      "each": "list",
      "provider": "provider.aws",
      "instances": []
    },
    {
      "module": "module.vpc",
      "mode": "managed",
      "type": "aws_redshift_subnet_group",
      "name": "redshift",
      "each": "list",
      "provider": "provider.aws",
      "instances": []
    },
    {
      "module": "module.vpc",
      "mode": "managed",
      "type": "aws_route",
      "name": "database_internet_gateway",
      "each": "list",
      "provider": "provider.aws",
      "instances": []
    },
    {
      "module": "module.vpc",
      "mode": "managed",
      "type": "aws_route",
      "name": "database_nat_gateway",
      "each": "list",
      "provider": "provider.aws",
      "instances": []
    },
    {
      "module": "module.vpc",
      "mode": "managed",
      "type": "aws_route",
      "name": "private_nat_gateway",
      "each": "list",
      "provider": "provider.aws",
      "instances": [
        {
          "index_key": 0,
          "schema_version": 0,
          "attributes": {
            "destination_cidr_block": "0.0.0.0/0",
            "destination_ipv6_cidr_block": null,
            "destination_prefix_list_id": "",
            "egress_only_gateway_id": "",
            "gateway_id": "",
            "id": "r-rtb-0c88f9a59222024931080289494",
            "instance_id": "",
            "instance_owner_id": "",
            "nat_gateway_id": "nat-0c2dd325cc874a5de",
            "network_interface_id": "",
            "origin": "CreateRoute",
            "route_table_id": "rtb-0c88f9a5922202493",
            "state": "active",
            "timeouts": {
              "create": "5m",
              "delete": null
            },
            "transit_gateway_id": "",
            "vpc_peering_connection_id": ""
          },
          "depends_on": [
            "aws_nat_gateway.this",
            "aws_route_table.private"
          ]
        }
      ]
    },
    {
      "module": "module.vpc",
      "mode": "managed",
      "type": "aws_route",
      "name": "public_internet_gateway",
      "each": "list",
      "provider": "provider.aws",
      "instances": [
        {
          "index_key": 0,
          "schema_version": 0,
          "attributes": {
            "destination_cidr_block": "0.0.0.0/0",
            "destination_ipv6_cidr_block": null,
            "destination_prefix_list_id": "",
            "egress_only_gateway_id": "",
            "gateway_id": "igw-0f04cdb993bb2e49d",
            "id": "r-rtb-07dd7046d238b4dea1080289494",
            "instance_id": "",
            "instance_owner_id": "",
            "nat_gateway_id": "",
            "network_interface_id": "",
            "origin": "CreateRoute",
            "route_table_id": "rtb-07dd7046d238b4dea",
            "state": "active",
            "timeouts": {
              "create": "5m",
              "delete": null
            },
            "transit_gateway_id": "",
            "vpc_peering_connection_id": ""
          },
          "depends_on": [
            "aws_internet_gateway.this[0]",
            "aws_route_table.public[0]"
          ]
        }
      ]
    },
    {
      "mode": "managed",
      "type": "aws_route53_record",
      "name": "record1",
      "provider": "provider.aws",
      "instances": [
        {
          "schema_version": 2,
          "attributes": {
            "alias": [
              {
                "evaluate_target_health": false,
                "name": "terraform-example-elb-676793337.us-east-2.elb.amazonaws.com",
                "zone_id": "Z3AADJGX6KTTL2"
              }
            ],
            "allow_overwrite": true,
            "failover_routing_policy": [],
            "fqdn": "frontend.tf.dev.clouddatatesting.com",
            "geolocation_routing_policy": [],
            "health_check_id": "",
            "id": "Z3UOKH6WDR6GPE_frontend.tf.dev.clouddatatesting.com_A",
            "latency_routing_policy": [],
            "multivalue_answer_routing_policy": null,
            "name": "frontend.tf.dev.clouddatatesting.com",
            "records": [],
            "set_identifier": "",
            "ttl": 0,
            "type": "A",
            "weighted_routing_policy": [],
            "zone_id": "Z3UOKH6WDR6GPE"
          },
          "depends_on": [
            "aws_elb.web",
            "aws_route53_zone.dev"
          ]
        }
      ]
    },
    {
      "mode": "managed",
      "type": "aws_route53_record",
      "name": "record104",
      "provider": "provider.aws",
      "instances": [
        {
          "schema_version": 2,
          "attributes": {
            "alias": [
              {
                "evaluate_target_health": false,
                "name": "terraform-example-elb104-563308471.us-east-2.elb.amazonaws.com",
                "zone_id": "Z3AADJGX6KTTL2"
              }
            ],
            "allow_overwrite": true,
            "failover_routing_policy": [],
            "fqdn": "frontend.tf.dev.clouddatatesting.com",
            "geolocation_routing_policy": [],
            "health_check_id": null,
            "id": "Z3UOKH6WDR6GPE_frontend.tf.dev.clouddatatesting.com_A",
            "latency_routing_policy": [],
            "multivalue_answer_routing_policy": null,
            "name": "frontend.tf.dev.clouddatatesting.com",
            "records": null,
            "set_identifier": null,
            "ttl": null,
            "type": "A",
            "weighted_routing_policy": [],
            "zone_id": "Z3UOKH6WDR6GPE"
          },
          "depends_on": [
            "aws_elb.web104",
            "aws_route53_zone.dev"
          ]
        }
      ]
    },
    {
      "mode": "managed",
      "type": "aws_route53_record",
      "name": "updateparent",
      "provider": "provider.aws",
      "instances": [
        {
          "schema_version": 2,
          "attributes": {
            "alias": [],
            "allow_overwrite": true,
            "failover_routing_policy": [],
            "fqdn": "frontend.tf.dev.clouddatatesting.com",
            "geolocation_routing_policy": [],
            "health_check_id": "",
            "id": "Z17A719MQ1QIZJ_frontend.tf.dev.clouddatatesting.com_NS",
            "latency_routing_policy": [],
            "multivalue_answer_routing_policy": null,
            "name": "frontend.tf.dev.clouddatatesting.com",
            "records": [
              "ns-1129.awsdns-13.org",
              "ns-1891.awsdns-44.co.uk",
              "ns-492.awsdns-61.com",
              "ns-823.awsdns-38.net"
            ],
            "set_identifier": "",
            "ttl": 30,
            "type": "NS",
            "weighted_routing_policy": [],
            "zone_id": "Z17A719MQ1QIZJ"
          },
          "depends_on": [
            "aws_route53_zone.dev"
          ]
        }
      ]
    },
    {
      "mode": "managed",
      "type": "aws_route53_zone",
      "name": "dev",
      "provider": "provider.aws",
      "instances": [
        {
          "schema_version": 0,
          "attributes": {
            "comment": "Managed by Terraform",
            "delegation_set_id": "",
            "force_destroy": false,
            "id": "Z3UOKH6WDR6GPE",
            "name": "tf.dev.clouddatatesting.com.",
            "name_servers": [
              "ns-1129.awsdns-13.org",
              "ns-1891.awsdns-44.co.uk",
              "ns-492.awsdns-61.com",
              "ns-823.awsdns-38.net"
            ],
            "tags": {
              "Environment": "tf dev"
            },
            "vpc": [],
            "vpc_id": null,
            "vpc_region": null,
            "zone_id": "Z3UOKH6WDR6GPE"
          }
        }
      ]
    },
    {
      "module": "module.vpc",
      "mode": "managed",
      "type": "aws_route_table",
      "name": "database",
      "each": "list",
      "provider": "provider.aws",
      "instances": []
    },
    {
      "module": "module.vpc",
      "mode": "managed",
      "type": "aws_route_table",
      "name": "elasticache",
      "each": "list",
      "provider": "provider.aws",
      "instances": []
    },
    {
      "module": "module.vpc",
      "mode": "managed",
      "type": "aws_route_table",
      "name": "intra",
      "each": "list",
      "provider": "provider.aws",
      "instances": []
    },
    {
      "module": "module.vpc",
      "mode": "managed",
      "type": "aws_route_table",
      "name": "private",
      "each": "list",
      "provider": "provider.aws",
      "instances": [
        {
          "index_key": 0,
          "schema_version": 0,
          "attributes": {
            "id": "rtb-0c88f9a5922202493",
            "owner_id": "182586707942",
            "propagating_vgws": [],
            "route": [
              {
                "cidr_block": "0.0.0.0/0",
                "egress_only_gateway_id": "",
                "gateway_id": "",
                "instance_id": "",
                "ipv6_cidr_block": "",
                "nat_gateway_id": "nat-0c2dd325cc874a5de",
                "network_interface_id": "",
                "transit_gateway_id": "",
                "vpc_peering_connection_id": ""
              }
            ],
            "tags": {
              "Environment": "dev",
              "Name": "simple-example-private",
              "Owner": "user"
            },
            "vpc_id": "vpc-0db757322b51dfbcf"
          }
        }
      ]
    },
    {
      "module": "module.vpc",
      "mode": "managed",
      "type": "aws_route_table",
      "name": "public",
      "each": "list",
      "provider": "provider.aws",
      "instances": [
        {
          "index_key": 0,
          "schema_version": 0,
          "attributes": {
            "id": "rtb-07dd7046d238b4dea",
            "owner_id": "182586707942",
            "propagating_vgws": [],
            "route": [
              {
                "cidr_block": "0.0.0.0/0",
                "egress_only_gateway_id": "",
                "gateway_id": "igw-0f04cdb993bb2e49d",
                "instance_id": "",
                "ipv6_cidr_block": "",
                "nat_gateway_id": "",
                "network_interface_id": "",
                "transit_gateway_id": "",
                "vpc_peering_connection_id": ""
              }
            ],
            "tags": {
              "Environment": "dev",
              "Name": "simple-example-public",
              "Owner": "user"
            },
            "vpc_id": "vpc-0db757322b51dfbcf"
          }
        }
      ]
    },
    {
      "module": "module.vpc",
      "mode": "managed",
      "type": "aws_route_table",
      "name": "redshift",
      "each": "list",
      "provider": "provider.aws",
      "instances": []
    },
    {
      "module": "module.vpc",
      "mode": "managed",
      "type": "aws_route_table_association",
      "name": "database",
      "each": "list",
      "provider": "provider.aws",
      "instances": []
    },
    {
      "module": "module.vpc",
      "mode": "managed",
      "type": "aws_route_table_association",
      "name": "elasticache",
      "each": "list",
      "provider": "provider.aws",
      "instances": []
    },
    {
      "module": "module.vpc",
      "mode": "managed",
      "type": "aws_route_table_association",
      "name": "intra",
      "each": "list",
      "provider": "provider.aws",
      "instances": []
    },
    {
      "module": "module.vpc",
      "mode": "managed",
      "type": "aws_route_table_association",
      "name": "private",
      "each": "list",
      "provider": "provider.aws",
      "instances": [
        {
          "index_key": 0,
          "schema_version": 0,
          "attributes": {
            "id": "rtbassoc-08c2e47357b2f62db",
            "route_table_id": "rtb-0c88f9a5922202493",
            "subnet_id": "subnet-0ffa3b44c9a3cfd91"
          },
          "depends_on": [
            "aws_route_table.private",
            "aws_subnet.private"
          ]
        },
        {
          "index_key": 1,
          "schema_version": 0,
          "attributes": {
            "id": "rtbassoc-019bd6d2556129fad",
            "route_table_id": "rtb-0c88f9a5922202493",
            "subnet_id": "subnet-0518ef96341d47902"
          },
          "depends_on": [
            "aws_route_table.private",
            "aws_subnet.private"
          ]
        }
      ]
    },
    {
      "module": "module.vpc",
      "mode": "managed",
      "type": "aws_route_table_association",
      "name": "public",
      "each": "list",
      "provider": "provider.aws",
      "instances": [
        {
          "index_key": 0,
          "schema_version": 0,
          "attributes": {
            "id": "rtbassoc-0c8c3b895c5059807",
            "route_table_id": "rtb-07dd7046d238b4dea",
            "subnet_id": "subnet-038e37d300491f412"
          },
          "depends_on": [
            "aws_route_table.public[0]",
            "aws_subnet.public"
          ]
        },
        {
          "index_key": 1,
          "schema_version": 0,
          "attributes": {
            "id": "rtbassoc-037457bc87a685e93",
            "route_table_id": "rtb-07dd7046d238b4dea",
            "subnet_id": "subnet-0e357a1d58c23adab"
          },
          "depends_on": [
            "aws_route_table.public[0]",
            "aws_subnet.public"
          ]
        }
      ]
    },
    {
      "module": "module.vpc",
      "mode": "managed",
      "type": "aws_route_table_association",
      "name": "redshift",
      "each": "list",
      "provider": "provider.aws",
      "instances": []
    },
    {
      "module": "module.vpc",
      "mode": "managed",
      "type": "aws_route_table_association",
      "name": "redshift_public",
      "each": "list",
      "provider": "provider.aws",
      "instances": []
    },
    {
      "mode": "managed",
      "type": "aws_security_group",
      "name": "default",
      "provider": "provider.aws",
      "instances": [
        {
          "schema_version": 1,
          "attributes": {
            "arn": "arn:aws:ec2:us-east-2:182586707942:security-group/sg-0d5d8904ed8896555",
            "description": "Used in the terraform",
            "egress": [
              {
                "cidr_blocks": [
                  "0.0.0.0/0"
                ],
                "description": "",
                "from_port": 0,
                "ipv6_cidr_blocks": [],
                "prefix_list_ids": [],
                "protocol": "-1",
                "security_groups": [],
                "self": false,
                "to_port": 0
              }
            ],
            "id": "sg-0d5d8904ed8896555",
            "ingress": [
              {
                "cidr_blocks": [
                  "0.0.0.0/0"
                ],
                "description": "",
                "from_port": 22,
                "ipv6_cidr_blocks": [],
                "prefix_list_ids": [],
                "protocol": "tcp",
                "security_groups": [],
                "self": false,
                "to_port": 22
              },
              {
                "cidr_blocks": [
                  "0.0.0.0/0"
                ],
                "description": "",
                "from_port": 80,
                "ipv6_cidr_blocks": [],
                "prefix_list_ids": [],
                "protocol": "tcp",
                "security_groups": [],
                "self": false,
                "to_port": 8080
              }
            ],
            "name": "terraform_example",
            "name_prefix": null,
            "owner_id": "182586707942",
            "revoke_rules_on_delete": false,
            "tags": {},
            "timeouts": null,
            "vpc_id": "vpc-0db757322b51dfbcf"
          },
          "depends_on": [
            "module.vpc"
          ]
        }
      ]
    },
    {
      "mode": "managed",
      "type": "aws_security_group",
      "name": "elb",
      "provider": "provider.aws",
      "instances": [
        {
          "schema_version": 1,
          "attributes": {
            "arn": "arn:aws:ec2:us-east-2:182586707942:security-group/sg-0c4a2aeb0c8cb95d1",
            "description": "Used in the terraform",
            "egress": [
              {
                "cidr_blocks": [
                  "0.0.0.0/0"
                ],
                "description": "",
                "from_port": 0,
                "ipv6_cidr_blocks": [],
                "prefix_list_ids": [],
                "protocol": "-1",
                "security_groups": [],
                "self": false,
                "to_port": 0
              }
            ],
            "id": "sg-0c4a2aeb0c8cb95d1",
            "ingress": [
              {
                "cidr_blocks": [
                  "0.0.0.0/0"
                ],
                "description": "",
                "from_port": 80,
                "ipv6_cidr_blocks": [],
                "prefix_list_ids": [],
                "protocol": "tcp",
                "security_groups": [],
                "self": false,
                "to_port": 8080
              }
            ],
            "name": "terraform_example_elb",
            "name_prefix": null,
            "owner_id": "182586707942",
            "revoke_rules_on_delete": false,
            "tags": {},
            "timeouts": null,
            "vpc_id": "vpc-0db757322b51dfbcf"
          },
          "depends_on": [
            "module.vpc"
          ]
        }
      ]
    },
    {
      "module": "module.vpc",
      "mode": "managed",
      "type": "aws_subnet",
      "name": "database",
      "each": "list",
      "provider": "provider.aws",
      "instances": []
    },
    {
      "module": "module.vpc",
      "mode": "managed",
      "type": "aws_subnet",
      "name": "elasticache",
      "each": "list",
      "provider": "provider.aws",
      "instances": []
    },
    {
      "module": "module.vpc",
      "mode": "managed",
      "type": "aws_subnet",
      "name": "intra",
      "each": "list",
      "provider": "provider.aws",
      "instances": []
    },
    {
      "module": "module.vpc",
      "mode": "managed",
      "type": "aws_subnet",
      "name": "private",
      "each": "list",
      "provider": "provider.aws",
      "instances": [
        {
          "index_key": 0,
          "schema_version": 1,
          "attributes": {
            "arn": "arn:aws:ec2:us-east-2:182586707942:subnet/subnet-0ffa3b44c9a3cfd91",
            "assign_ipv6_address_on_creation": false,
            "availability_zone": "us-east-2a",
            "availability_zone_id": "use2-az1",
            "cidr_block": "10.0.1.0/24",
            "id": "subnet-0ffa3b44c9a3cfd91",
            "ipv6_cidr_block": "",
            "ipv6_cidr_block_association_id": "",
            "map_public_ip_on_launch": false,
            "owner_id": "182586707942",
            "tags": {
              "Environment": "dev",
              "Name": "simple-example-private-us-east-2a",
              "Owner": "user"
            },
            "timeouts": null,
            "vpc_id": "vpc-0db757322b51dfbcf"
          }
        },
        {
          "index_key": 1,
          "schema_version": 1,
          "attributes": {
            "arn": "arn:aws:ec2:us-east-2:182586707942:subnet/subnet-0518ef96341d47902",
            "assign_ipv6_address_on_creation": false,
            "availability_zone": "us-east-2b",
            "availability_zone_id": "use2-az2",
            "cidr_block": "10.0.2.0/24",
            "id": "subnet-0518ef96341d47902",
            "ipv6_cidr_block": "",
            "ipv6_cidr_block_association_id": "",
            "map_public_ip_on_launch": false,
            "owner_id": "182586707942",
            "tags": {
              "Environment": "dev",
              "Name": "simple-example-private-us-east-2b",
              "Owner": "user"
            },
            "timeouts": null,
            "vpc_id": "vpc-0db757322b51dfbcf"
          }
        }
      ]
    },
    {
      "module": "module.vpc",
      "mode": "managed",
      "type": "aws_subnet",
      "name": "public",
      "each": "list",
      "provider": "provider.aws",
      "instances": [
        {
          "index_key": 0,
          "schema_version": 1,
          "attributes": {
            "arn": "arn:aws:ec2:us-east-2:182586707942:subnet/subnet-038e37d300491f412",
            "assign_ipv6_address_on_creation": false,
            "availability_zone": "us-east-2a",
            "availability_zone_id": "use2-az1",
            "cidr_block": "10.0.101.0/24",
            "id": "subnet-038e37d300491f412",
            "ipv6_cidr_block": "",
            "ipv6_cidr_block_association_id": "",
            "map_public_ip_on_launch": true,
            "owner_id": "182586707942",
            "tags": {
              "Environment": "dev",
              "Name": "overridden-name-public",
              "Owner": "user"
            },
            "timeouts": null,
            "vpc_id": "vpc-0db757322b51dfbcf"
          }
        },
        {
          "index_key": 1,
          "schema_version": 1,
          "attributes": {
            "arn": "arn:aws:ec2:us-east-2:182586707942:subnet/subnet-0e357a1d58c23adab",
            "assign_ipv6_address_on_creation": false,
            "availability_zone": "us-east-2b",
            "availability_zone_id": "use2-az2",
            "cidr_block": "10.0.102.0/24",
            "id": "subnet-0e357a1d58c23adab",
            "ipv6_cidr_block": "",
            "ipv6_cidr_block_association_id": "",
            "map_public_ip_on_launch": true,
            "owner_id": "182586707942",
            "tags": {
              "Environment": "dev",
              "Name": "overridden-name-public",
              "Owner": "user"
            },
            "timeouts": null,
            "vpc_id": "vpc-0db757322b51dfbcf"
          }
        }
      ]
    },
    {
      "module": "module.vpc",
      "mode": "managed",
      "type": "aws_subnet",
      "name": "redshift",
      "each": "list",
      "provider": "provider.aws",
      "instances": []
    },
    {
      "module": "module.vpc",
      "mode": "managed",
      "type": "aws_vpc",
      "name": "this",
      "each": "list",
      "provider": "provider.aws",
      "instances": [
        {
          "index_key": 0,
          "schema_version": 1,
          "attributes": {
            "arn": "arn:aws:ec2:us-east-2:182586707942:vpc/vpc-0db757322b51dfbcf",
            "assign_generated_ipv6_cidr_block": true,
            "cidr_block": "10.0.0.0/16",
            "default_network_acl_id": "acl-0df0acee35ae72110",
            "default_route_table_id": "rtb-05c8560e7a90d22dc",
            "default_security_group_id": "sg-0b66f7fc7723d436d",
            "dhcp_options_id": "dopt-6f678d04",
            "enable_classiclink": null,
            "enable_classiclink_dns_support": null,
            "enable_dns_hostnames": false,
            "enable_dns_support": true,
            "id": "vpc-0db757322b51dfbcf",
            "instance_tenancy": "default",
            "ipv6_association_id": "vpc-cidr-assoc-0197b093ed7f6918b",
            "ipv6_cidr_block": "2600:1f16:47a:6f00::/56",
            "main_route_table_id": "rtb-05c8560e7a90d22dc",
            "owner_id": "182586707942",
            "tags": {
              "Environment": "dev",
              "Name": "vpc-name",
              "Owner": "user"
            }
          }
        }
      ]
    },
    {
      "module": "module.vpc",
      "mode": "managed",
      "type": "aws_vpc_dhcp_options",
      "name": "this",
      "each": "list",
      "provider": "provider.aws",
      "instances": []
    },
    {
      "module": "module.vpc",
      "mode": "managed",
      "type": "aws_vpc_dhcp_options_association",
      "name": "this",
      "each": "list",
      "provider": "provider.aws",
      "instances": []
    },
    {
      "module": "module.vpc",
      "mode": "managed",
      "type": "aws_vpc_endpoint",
      "name": "apigw",
      "each": "list",
      "provider": "provider.aws",
      "instances": []
    },
    {
      "module": "module.vpc",
      "mode": "managed",
      "type": "aws_vpc_endpoint",
      "name": "cloudtrail",
      "each": "list",
      "provider": "provider.aws",
      "instances": []
    },
    {
      "module": "module.vpc",
      "mode": "managed",
      "type": "aws_vpc_endpoint",
      "name": "dynamodb",
      "each": "list",
      "provider": "provider.aws",
      "instances": []
    },
    {
      "module": "module.vpc",
      "mode": "managed",
      "type": "aws_vpc_endpoint",
      "name": "ec2",
      "each": "list",
      "provider": "provider.aws",
      "instances": []
    },
    {
      "module": "module.vpc",
      "mode": "managed",
      "type": "aws_vpc_endpoint",
      "name": "ec2messages",
      "each": "list",
      "provider": "provider.aws",
      "instances": []
    },
    {
      "module": "module.vpc",
      "mode": "managed",
      "type": "aws_vpc_endpoint",
      "name": "ecr_api",
      "each": "list",
      "provider": "provider.aws",
      "instances": []
    },
    {
      "module": "module.vpc",
      "mode": "managed",
      "type": "aws_vpc_endpoint",
      "name": "ecr_dkr",
      "each": "list",
      "provider": "provider.aws",
      "instances": []
    },
    {
      "module": "module.vpc",
      "mode": "managed",
      "type": "aws_vpc_endpoint",
      "name": "ecs",
      "each": "list",
      "provider": "provider.aws",
      "instances": []
    },
    {
      "module": "module.vpc",
      "mode": "managed",
      "type": "aws_vpc_endpoint",
      "name": "ecs_agent",
      "each": "list",
      "provider": "provider.aws",
      "instances": []
    },
    {
      "module": "module.vpc",
      "mode": "managed",
      "type": "aws_vpc_endpoint",
      "name": "ecs_telemetry",
      "each": "list",
      "provider": "provider.aws",
      "instances": []
    },
    {
      "module": "module.vpc",
      "mode": "managed",
      "type": "aws_vpc_endpoint",
      "name": "elasticloadbalancing",
      "each": "list",
      "provider": "provider.aws",
      "instances": []
    },
    {
      "module": "module.vpc",
      "mode": "managed",
      "type": "aws_vpc_endpoint",
      "name": "events",
      "each": "list",
      "provider": "provider.aws",
      "instances": []
    },
    {
      "module": "module.vpc",
      "mode": "managed",
      "type": "aws_vpc_endpoint",
      "name": "kms",
      "each": "list",
      "provider": "provider.aws",
      "instances": []
    },
    {
      "module": "module.vpc",
      "mode": "managed",
      "type": "aws_vpc_endpoint",
      "name": "logs",
      "each": "list",
      "provider": "provider.aws",
      "instances": []
    },
    {
      "module": "module.vpc",
      "mode": "managed",
      "type": "aws_vpc_endpoint",
      "name": "monitoring",
      "each": "list",
      "provider": "provider.aws",
      "instances": []
    },
    {
      "module": "module.vpc",
      "mode": "managed",
      "type": "aws_vpc_endpoint",
      "name": "s3",
      "each": "list",
      "provider": "provider.aws",
      "instances": []
    },
    {
      "module": "module.vpc",
      "mode": "managed",
      "type": "aws_vpc_endpoint",
      "name": "sns",
      "each": "list",
      "provider": "provider.aws",
      "instances": []
    },
    {
      "module": "module.vpc",
      "mode": "managed",
      "type": "aws_vpc_endpoint",
      "name": "sqs",
      "each": "list",
      "provider": "provider.aws",
      "instances": []
    },
    {
      "module": "module.vpc",
      "mode": "managed",
      "type": "aws_vpc_endpoint",
      "name": "ssm",
      "each": "list",
      "provider": "provider.aws",
      "instances": []
    },
    {
      "module": "module.vpc",
      "mode": "managed",
      "type": "aws_vpc_endpoint",
      "name": "ssmmessages",
      "each": "list",
      "provider": "provider.aws",
      "instances": []
    },
    {
      "module": "module.vpc",
      "mode": "managed",
      "type": "aws_vpc_endpoint_route_table_association",
      "name": "intra_dynamodb",
      "each": "list",
      "provider": "provider.aws",
      "instances": []
    },
    {
      "module": "module.vpc",
      "mode": "managed",
      "type": "aws_vpc_endpoint_route_table_association",
      "name": "intra_s3",
      "each": "list",
      "provider": "provider.aws",
      "instances": []
    },
    {
      "module": "module.vpc",
      "mode": "managed",
      "type": "aws_vpc_endpoint_route_table_association",
      "name": "private_dynamodb",
      "each": "list",
      "provider": "provider.aws",
      "instances": []
    },
    {
      "module": "module.vpc",
      "mode": "managed",
      "type": "aws_vpc_endpoint_route_table_association",
      "name": "private_s3",
      "each": "list",
      "provider": "provider.aws",
      "instances": []
    },
    {
      "module": "module.vpc",
      "mode": "managed",
      "type": "aws_vpc_endpoint_route_table_association",
      "name": "public_dynamodb",
      "each": "list",
      "provider": "provider.aws",
      "instances": []
    },
    {
      "module": "module.vpc",
      "mode": "managed",
      "type": "aws_vpc_endpoint_route_table_association",
      "name": "public_s3",
      "each": "list",
      "provider": "provider.aws",
      "instances": []
    },
    {
      "module": "module.vpc",
      "mode": "managed",
      "type": "aws_vpc_ipv4_cidr_block_association",
      "name": "this",
      "each": "list",
      "provider": "provider.aws",
      "instances": []
    },
    {
      "module": "module.vpc",
      "mode": "managed",
      "type": "aws_vpn_gateway",
      "name": "this",
      "each": "list",
      "provider": "provider.aws",
      "instances": []
    },
    {
      "module": "module.vpc",
      "mode": "managed",
      "type": "aws_vpn_gateway_attachment",
      "name": "this",
      "each": "list",
      "provider": "provider.aws",
      "instances": []
    },
    {
      "module": "module.vpc",
      "mode": "managed",
      "type": "aws_vpn_gateway_route_propagation",
      "name": "private",
      "each": "list",
      "provider": "provider.aws",
      "instances": []
    },
    {
      "module": "module.vpc",
      "mode": "managed",
      "type": "aws_vpn_gateway_route_propagation",
      "name": "public",
      "each": "list",
      "provider": "provider.aws",
      "instances": []
    }
  ]
}
