{
  "version": 4,
  "terraform_version": "0.12.1",
  "serial": 37,
  "lineage": "8ed662c7-2f26-0e8d-0bc1-4a55d14e0681",
  "outputs": {
    "azs": {
      "value": [
        "us-east-2a",
        "us-east-2b"
      ],
      "type": [
        "list",
        "string"
      ]
    },
    "loadbalancer_dns_name": {
      "value": "terraform-example-elb-991534005.us-east-2.elb.amazonaws.com",
      "type": "string"
    },
    "loadbalancer_dns_name_104": {
      "value": "terraform-example-elb104-320690740.us-east-2.elb.amazonaws.com",
      "type": "string"
    },
    "loadbalancer_zone_id": {
      "value": "Z3AADJGX6KTTL2",
      "type": "string"
    },
    "loadbalancer_zone_id_104": {
      "value": "Z3AADJGX6KTTL2",
      "type": "string"
    },
    "nat_public_ips": {
      "value": [
        "13.59.59.125"
      ],
      "type": [
        "tuple",
        [
          "string"
        ]
      ]
    },
    "private_subnets": {
      "value": [
        "subnet-02549571b2b4fdbfd",
        "subnet-0cbb7fcc4e82e0a01"
      ],
      "type": [
        "tuple",
        [
          "string",
          "string"
        ]
      ]
    },
    "public_subnets": {
      "value": [
        "subnet-09964e6d3ede3dd5f",
        "subnet-0f0dd121efe8ec47b"
      ],
      "type": [
        "tuple",
        [
          "string",
          "string"
        ]
      ]
    },
    "vpc_cidr_block": {
      "value": "10.0.0.0/16",
      "type": "string"
    },
    "vpc_id": {
      "value": "vpc-050051b2309b56607",
      "type": "string"
    }
  },
  "resources": [
    {
      "mode": "data",
      "type": "aws_security_group",
      "name": "default",
      "provider": "provider.aws",
      "instances": [
        {
          "schema_version": 0,
          "attributes": {
            "arn": "arn:aws:ec2:us-east-2:182586707942:security-group/sg-050faded6e4f7d694",
            "description": "default VPC security group",
            "filter": null,
            "id": "sg-050faded6e4f7d694",
            "name": "default",
            "tags": {},
            "vpc_id": "vpc-050051b2309b56607"
          },
          "depends_on": [
            "module.vpc"
          ]
        }
      ]
    },
    {
      "module": "module.vpc",
      "mode": "data",
      "type": "aws_vpc_endpoint_service",
      "name": "apigw",
      "each": "list",
      "provider": "provider.aws",
      "instances": []
    },
    {
      "module": "module.vpc",
      "mode": "data",
      "type": "aws_vpc_endpoint_service",
      "name": "cloudtrail",
      "each": "list",
      "provider": "provider.aws",
      "instances": []
    },
    {
      "module": "module.vpc",
      "mode": "data",
      "type": "aws_vpc_endpoint_service",
      "name": "dynamodb",
      "each": "list",
      "provider": "provider.aws",
      "instances": []
    },
    {
      "module": "module.vpc",
      "mode": "data",
      "type": "aws_vpc_endpoint_service",
      "name": "ec2",
      "each": "list",
      "provider": "provider.aws",
      "instances": []
    },
    {
      "module": "module.vpc",
      "mode": "data",
      "type": "aws_vpc_endpoint_service",
      "name": "ec2messages",
      "each": "list",
      "provider": "provider.aws",
      "instances": []
    },
    {
      "module": "module.vpc",
      "mode": "data",
      "type": "aws_vpc_endpoint_service",
      "name": "ecr_api",
      "each": "list",
      "provider": "provider.aws",
      "instances": []
    },
    {
      "module": "module.vpc",
      "mode": "data",
      "type": "aws_vpc_endpoint_service",
      "name": "ecr_dkr",
      "each": "list",
      "provider": "provider.aws",
      "instances": []
    },
    {
      "module": "module.vpc",
      "mode": "data",
      "type": "aws_vpc_endpoint_service",
      "name": "ecs",
      "each": "list",
      "provider": "provider.aws",
      "instances": []
    },
    {
      "module": "module.vpc",
      "mode": "data",
      "type": "aws_vpc_endpoint_service",
      "name": "ecs_agent",
      "each": "list",
      "provider": "provider.aws",
      "instances": []
    },
    {
      "module": "module.vpc",
      "mode": "data",
      "type": "aws_vpc_endpoint_service",
      "name": "ecs_telemetry",
      "each": "list",
      "provider": "provider.aws",
      "instances": []
    },
    {
      "module": "module.vpc",
      "mode": "data",
      "type": "aws_vpc_endpoint_service",
      "name": "elasticloadbalancing",
      "each": "list",
      "provider": "provider.aws",
      "instances": []
    },
    {
      "module": "module.vpc",
      "mode": "data",
      "type": "aws_vpc_endpoint_service",
      "name": "events",
      "each": "list",
      "provider": "provider.aws",
      "instances": []
    },
    {
      "module": "module.vpc",
      "mode": "data",
      "type": "aws_vpc_endpoint_service",
      "name": "kms",
      "each": "list",
      "provider": "provider.aws",
      "instances": []
    },
    {
      "module": "module.vpc",
      "mode": "data",
      "type": "aws_vpc_endpoint_service",
      "name": "logs",
      "each": "list",
      "provider": "provider.aws",
      "instances": []
    },
    {
      "module": "module.vpc",
      "mode": "data",
      "type": "aws_vpc_endpoint_service",
      "name": "monitoring",
      "each": "list",
      "provider": "provider.aws",
      "instances": []
    },
    {
      "module": "module.vpc",
      "mode": "data",
      "type": "aws_vpc_endpoint_service",
      "name": "s3",
      "each": "list",
      "provider": "provider.aws",
      "instances": []
    },
    {
      "module": "module.vpc",
      "mode": "data",
      "type": "aws_vpc_endpoint_service",
      "name": "sns",
      "each": "list",
      "provider": "provider.aws",
      "instances": []
    },
    {
      "module": "module.vpc",
      "mode": "data",
      "type": "aws_vpc_endpoint_service",
      "name": "sqs",
      "each": "list",
      "provider": "provider.aws",
      "instances": []
    },
    {
      "module": "module.vpc",
      "mode": "data",
      "type": "aws_vpc_endpoint_service",
      "name": "ssm",
      "each": "list",
      "provider": "provider.aws",
      "instances": []
    },
    {
      "module": "module.vpc",
      "mode": "data",
      "type": "aws_vpc_endpoint_service",
      "name": "ssmmessages",
      "each": "list",
      "provider": "provider.aws",
      "instances": []
    },
    {
      "mode": "managed",
      "type": "aws_autoscaling_attachment",
      "name": "asg_attachment_bar",
      "provider": "provider.aws",
      "instances": [
        {
          "schema_version": 0,
          "attributes": {
            "alb_target_group_arn": null,
            "autoscaling_group_name": "instances_autoscaling_group",
            "elb": "terraform-example-elb",
            "id": "instances_autoscaling_group-20190702204433538300000003"
          },
          "depends_on": [
            "aws_autoscaling_group.instances_autoscaling_group",
            "aws_elb.web"
          ]
        }
      ]
    },
    {
      "mode": "managed",
      "type": "aws_autoscaling_attachment",
      "name": "asg_attachment_bar104",
      "provider": "provider.aws",
      "instances": [
        {
          "schema_version": 0,
          "attributes": {
            "alb_target_group_arn": null,
            "autoscaling_group_name": "instances_autoscaling_group104",
            "elb": "terraform-example-elb104",
            "id": "instances_autoscaling_group104-20190702210407647600000002"
          },
          "depends_on": [
            "aws_autoscaling_group.instances_autoscaling_group104",
            "aws_elb.web104"
          ]
        }
      ]
    },
    {
      "mode": "managed",
      "type": "aws_autoscaling_group",
      "name": "instances_autoscaling_group",
      "provider": "provider.aws",
      "instances": [
        {
          "schema_version": 0,
          "attributes": {
            "arn": "arn:aws:autoscaling:us-east-2:182586707942:autoScalingGroup:19673de8-43dc-4b9d-926a-a60212b34755:autoScalingGroupName/instances_autoscaling_group",
            "availability_zones": [
              "us-east-2a"
            ],
            "default_cooldown": 300,
            "desired_capacity": 2,
            "enabled_metrics": [],
            "force_delete": false,
            "health_check_grace_period": 300,
            "health_check_type": "EC2",
            "id": "instances_autoscaling_group",
            "initial_lifecycle_hook": [],
            "launch_configuration": "terraform-lc-example-20190702210317900000000001",
            "launch_template": [],
            "load_balancers": [
              "terraform-example-elb"
            ],
            "max_size": 3,
            "metrics_granularity": "1Minute",
            "min_elb_capacity": null,
            "min_size": 2,
            "mixed_instances_policy": [],
            "name": "instances_autoscaling_group",
            "name_prefix": null,
            "placement_group": "",
            "protect_from_scale_in": false,
            "service_linked_role_arn": "arn:aws:iam::182586707942:role/aws-service-role/autoscaling.amazonaws.com/AWSServiceRoleForAutoScaling",
            "suspended_processes": [],
            "tag": [
              {
                "key": "Initialized",
                "propagate_at_launch": true,
                "value": "false"
              },
              {
                "key": "Name",
                "propagate_at_launch": true,
                "value": "AutoScaled"
              }
            ],
            "tags": null,
            "target_group_arns": [],
            "termination_policies": [],
            "timeouts": null,
            "vpc_zone_identifier": [
              "subnet-09964e6d3ede3dd5f"
            ],
            "wait_for_capacity_timeout": "10m",
            "wait_for_elb_capacity": null
          },
          "depends_on": [
            "aws_elb.web",
            "aws_launch_configuration.as_conf",
            "module.vpc"
          ]
        }
      ]
    },
    {
      "mode": "managed",
      "type": "aws_autoscaling_group",
      "name": "instances_autoscaling_group104",
      "provider": "provider.aws",
      "instances": [
        {
          "schema_version": 0,
          "attributes": {
            "arn": "arn:aws:autoscaling:us-east-2:182586707942:autoScalingGroup:306ef7a3-d4bd-4efd-9cab-a65e26f4c117:autoScalingGroupName/instances_autoscaling_group104",
            "availability_zones": [
              "us-east-2a"
            ],
            "default_cooldown": 300,
            "desired_capacity": 2,
            "enabled_metrics": null,
            "force_delete": false,
            "health_check_grace_period": 300,
            "health_check_type": "EC2",
            "id": "instances_autoscaling_group104",
            "initial_lifecycle_hook": [],
            "launch_configuration": "terraform-lc-example-20190702210317900000000001",
            "launch_template": [],
            "load_balancers": [
              "terraform-example-elb104"
            ],
            "max_size": 3,
            "metrics_granularity": "1Minute",
            "min_elb_capacity": null,
            "min_size": 2,
            "mixed_instances_policy": [],
            "name": "instances_autoscaling_group104",
            "name_prefix": null,
            "placement_group": "",
            "protect_from_scale_in": false,
            "service_linked_role_arn": "arn:aws:iam::182586707942:role/aws-service-role/autoscaling.amazonaws.com/AWSServiceRoleForAutoScaling",
            "suspended_processes": null,
            "tag": [
              {
                "key": "Initialized",
                "propagate_at_launch": true,
                "value": "false"
              },
              {
                "key": "Name",
                "propagate_at_launch": true,
                "value": "AutoScaled"
              }
            ],
            "tags": null,
            "target_group_arns": [],
            "termination_policies": null,
            "timeouts": null,
            "vpc_zone_identifier": [
              "subnet-09964e6d3ede3dd5f"
            ],
            "wait_for_capacity_timeout": "10m",
            "wait_for_elb_capacity": null
          },
          "depends_on": [
            "aws_elb.web104",
            "aws_launch_configuration.as_conf",
            "module.vpc"
          ]
        }
      ]
    },
    {
      "mode": "managed",
      "type": "aws_autoscaling_policy",
      "name": "instances_autoscaling_policy",
      "provider": "provider.aws",
      "instances": [
        {
          "schema_version": 0,
          "attributes": {
            "adjustment_type": "ChangeInCapacity",
            "arn": "arn:aws:autoscaling:us-east-2:182586707942:scalingPolicy:cc3cad05-9280-43e3-832e-11eb7d396ccf:autoScalingGroupName/instances_autoscaling_group:policyName/instances_autoscaling_policy",
            "autoscaling_group_name": "instances_autoscaling_group",
            "cooldown": 300,
            "estimated_instance_warmup": 0,
            "id": "instances_autoscaling_policy",
            "metric_aggregation_type": "",
            "min_adjustment_magnitude": null,
            "min_adjustment_step": null,
            "name": "instances_autoscaling_policy",
            "policy_type": "SimpleScaling",
            "scaling_adjustment": 1,
            "step_adjustment": [],
            "target_tracking_configuration": []
          },
          "depends_on": [
            "aws_autoscaling_group.instances_autoscaling_group"
          ]
        }
      ]
    },
    {
      "mode": "managed",
      "type": "aws_autoscaling_policy",
      "name": "instances_autoscaling_policy104",
      "provider": "provider.aws",
      "instances": [
        {
          "schema_version": 0,
          "attributes": {
            "adjustment_type": "ChangeInCapacity",
            "arn": "arn:aws:autoscaling:us-east-2:182586707942:scalingPolicy:623adc69-005d-4220-b951-50d28da90eeb:autoScalingGroupName/instances_autoscaling_group104:policyName/instances_autoscaling_policy",
            "autoscaling_group_name": "instances_autoscaling_group104",
            "cooldown": 300,
            "estimated_instance_warmup": 0,
            "id": "instances_autoscaling_policy",
            "metric_aggregation_type": "",
            "min_adjustment_magnitude": null,
            "min_adjustment_step": null,
            "name": "instances_autoscaling_policy",
            "policy_type": "SimpleScaling",
            "scaling_adjustment": 1,
            "step_adjustment": [],
            "target_tracking_configuration": []
          },
          "depends_on": [
            "aws_autoscaling_group.instances_autoscaling_group104"
          ]
        }
      ]
    },
    {
      "module": "module.vpc",
      "mode": "managed",
      "type": "aws_db_subnet_group",
      "name": "database",
      "each": "list",
      "provider": "provider.aws",
      "instances": []
    },
    {
      "module": "module.vpc",
      "mode": "managed",
      "type": "aws_default_network_acl",
      "name": "this",
      "each": "list",
      "provider": "provider.aws",
      "instances": []
    },
    {
      "module": "module.vpc",
      "mode": "managed",
      "type": "aws_default_vpc",
      "name": "this",
      "each": "list",
      "provider": "provider.aws",
      "instances": []
    },
    {
      "module": "module.vpc",
      "mode": "managed",
      "type": "aws_eip",
      "name": "nat",
      "each": "list",
      "provider": "provider.aws",
      "instances": [
        {
          "index_key": 0,
          "schema_version": 0,
          "attributes": {
            "allocation_id": null,
            "associate_with_private_ip": null,
            "association_id": "eipassoc-0486f1bcaff600865",
            "domain": "vpc",
            "id": "eipalloc-0d684c957cfe01b0d",
            "instance": "",
            "network_interface": "eni-07f5817bfd1878ddd",
            "private_dns": "ip-10-0-101-182.us-east-2.compute.internal",
            "private_ip": "10.0.101.182",
            "public_dns": "ec2-13-59-59-125.us-east-2.compute.amazonaws.com",
            "public_ip": "13.59.59.125",
            "public_ipv4_pool": "amazon",
            "tags": {
              "Environment": "dev",
              "Name": "simple-example-us-east-2a",
              "Owner": "user"
            },
            "timeouts": null,
            "vpc": true
          }
        }
      ]
    },
    {
      "module": "module.vpc",
      "mode": "managed",
      "type": "aws_elasticache_subnet_group",
      "name": "elasticache",
      "each": "list",
      "provider": "provider.aws",
      "instances": []
    },
    {
      "mode": "managed",
      "type": "aws_elb",
      "name": "web",
      "provider": "provider.aws",
      "instances": [
        {
          "schema_version": 0,
          "attributes": {
            "access_logs": [],
            "arn": "arn:aws:elasticloadbalancing:us-east-2:182586707942:loadbalancer/terraform-example-elb",
            "availability_zones": [
              "us-east-2a"
            ],
            "connection_draining": false,
            "connection_draining_timeout": 300,
            "cross_zone_load_balancing": true,
            "dns_name": "terraform-example-elb-991534005.us-east-2.elb.amazonaws.com",
            "health_check": [
              {
                "healthy_threshold": 10,
                "interval": 30,
                "target": "TCP:8080",
                "timeout": 5,
                "unhealthy_threshold": 2
              }
            ],
            "id": "terraform-example-elb",
            "idle_timeout": 60,
            "instances": [
              "i-0178d8ebc44e3fd83",
              "i-0b1c780fecbeb7ab0"
            ],
            "internal": false,
            "listener": [
              {
                "instance_port": 8080,
                "instance_protocol": "http",
                "lb_port": 80,
                "lb_protocol": "http",
                "ssl_certificate_id": ""
              }
            ],
            "name": "terraform-example-elb",
            "name_prefix": null,
            "security_groups": [
              "sg-08fd0802d21ba7e97"
            ],
            "source_security_group": "182586707942/terraform_example_elb",
            "source_security_group_id": "sg-08fd0802d21ba7e97",
            "subnets": [
              "subnet-09964e6d3ede3dd5f"
            ],
            "tags": {},
            "zone_id": "Z3AADJGX6KTTL2"
          },
          "depends_on": [
            "aws_security_group.elb",
            "module.vpc"
          ]
        }
      ]
    },
    {
      "mode": "managed",
      "type": "aws_elb",
      "name": "web104",
      "provider": "provider.aws",
      "instances": [
        {
          "schema_version": 0,
          "attributes": {
            "access_logs": [],
            "arn": "arn:aws:elasticloadbalancing:us-east-2:182586707942:loadbalancer/terraform-example-elb104",
            "availability_zones": [
              "us-east-2a"
            ],
            "connection_draining": false,
            "connection_draining_timeout": 300,
            "cross_zone_load_balancing": true,
            "dns_name": "terraform-example-elb104-320690740.us-east-2.elb.amazonaws.com",
            "health_check": [
              {
                "healthy_threshold": 10,
                "interval": 30,
                "target": "TCP:8080",
                "timeout": 5,
                "unhealthy_threshold": 2
              }
            ],
            "id": "terraform-example-elb104",
            "idle_timeout": 60,
            "instances": [],
            "internal": false,
            "listener": [
              {
                "instance_port": 8080,
                "instance_protocol": "http",
                "lb_port": 80,
                "lb_protocol": "http",
                "ssl_certificate_id": ""
              }
            ],
            "name": "terraform-example-elb104",
            "name_prefix": null,
            "security_groups": [
              "sg-08fd0802d21ba7e97"
            ],
            "source_security_group": "182586707942/terraform_example_elb",
            "source_security_group_id": "sg-08fd0802d21ba7e97",
            "subnets": [
              "subnet-09964e6d3ede3dd5f"
            ],
            "tags": null,
            "zone_id": "Z3AADJGX6KTTL2"
          },
          "depends_on": [
            "aws_security_group.elb",
            "module.vpc"
          ]
        }
      ]
    },
    {
      "module": "module.vpc",
      "mode": "managed",
      "type": "aws_internet_gateway",
      "name": "this",
      "each": "list",
      "provider": "provider.aws",
      "instances": [
        {
          "index_key": 0,
          "schema_version": 0,
          "attributes": {
            "id": "igw-072cf23af79fc31f2",
            "owner_id": "182586707942",
            "tags": {
              "Environment": "dev",
              "Name": "simple-example",
              "Owner": "user"
            },
            "vpc_id": "vpc-050051b2309b56607"
          }
        }
      ]
    },
    {
      "mode": "managed",
      "type": "aws_launch_configuration",
      "name": "as_conf",
      "provider": "provider.aws",
      "instances": [
        {
          "schema_version": 0,
          "attributes": {
            "associate_public_ip_address": false,
            "ebs_block_device": [],
            "ebs_optimized": false,
            "enable_monitoring": true,
            "ephemeral_block_device": [],
            "iam_instance_profile": "",
            "id": "terraform-lc-example-20190702210317900000000001",
            "image_id": "ami-0c55b159cbfafe1f0",
            "instance_type": "t2.micro",
            "key_name": "ohio",
            "name": "terraform-lc-example-20190702210317900000000001",
            "name_prefix": "terraform-lc-example-",
            "placement_tenancy": null,
            "root_block_device": [],
            "security_groups": [
              "sg-09ce149fa7a06cc11"
            ],
            "spot_price": "",
            "user_data": null,
            "user_data_base64": "IyEgL2Jpbi9iYXNoCmFwdCB1cGRhdGUgLXkKYXB0IGluc3RhbGwgZGVmYXVsdC1qZGsgLXkKYXB0IGluc3RhbGwgdW56aXAKbWtkaXIgL29wdC90b21jYXQKdXNlcmFkZCAtcyAvYmluL2ZhbHNlIC1kIC9vcHQvdG9tY2F0IHRvbWNhdApjdXJsIC1rIGh0dHBzOi8vYXJjaGl2ZS5hcGFjaGUub3JnL2Rpc3QvdG9tY2F0L3RvbWNhdC05L3Y5LjAuMTAvYmluL2FwYWNoZS10b21jYXQtOS4wLjEwLnRhci5neiAtbyAvdG1wL2FwYWNoZS10b21jYXQtOS4wLjEwLnRhci5negp0YXIgeHp2ZiAvdG1wL2FwYWNoZS10b21jYXQtOS4wLjEwLnRhci5neiAtQyAvb3B0L3RvbWNhdCAtLXN0cmlwLWNvbXBvbmVudHM9MQpjaGdycCAtUiB0b21jYXQgL29wdC90b21jYXQKY2htb2QgLVIgZytyIC9vcHQvdG9tY2F0L2NvbmYKY2htb2QgZyt4IC9vcHQvdG9tY2F0L2NvbmYKY2hvd24gLVIgdG9tY2F0IC9vcHQvdG9tY2F0L3dlYmFwcHMvIC9vcHQvdG9tY2F0L3dvcmsvIC9vcHQvdG9tY2F0L3RlbXAvIC9vcHQvdG9tY2F0L2xvZ3MvCgpjYXQgPiAvdG1wL3RvbWNhdC5zZXJ2aWNlIDw8RU9MCltVbml0XQpEZXNjcmlwdGlvbj1BcGFjaGUgVG9tY2F0IFdlYiBBcHBsaWNhdGlvbiBDb250YWluZXIKQWZ0ZXI9bmV0d29yay50YXJnZXQKCltTZXJ2aWNlXQpUeXBlPWZvcmtpbmcKCkVudmlyb25tZW50PUpBVkFfSE9NRT0vdXNyL2xpYi9qdm0vamF2YS0xLjExLjAtb3Blbmpkay1hbWQ2NApFbnZpcm9ubWVudD1DQVRBTElOQV9QSUQ9L29wdC90b21jYXQvdGVtcC90b21jYXQucGlkCkVudmlyb25tZW50PUNBVEFMSU5BX0hPTUU9L29wdC90b21jYXQKRW52aXJvbm1lbnQ9Q0FUQUxJTkFfQkFTRT0vb3B0L3RvbWNhdApFbnZpcm9ubWVudD0nQ0FUQUxJTkFfT1BUUz0tWG1zNTEyTSAtWG14MTAyNE0gLXNlcnZlciAtWFg6K1VzZVBhcmFsbGVsR0MnCkVudmlyb25tZW50PSdKQVZBX09QVFM9LURqYXZhLmF3dC5oZWFkbGVzcz10cnVlIC1EamF2YS5zZWN1cml0eS5lZ2Q9ZmlsZTovZGV2Ly4vdXJhbmRvbScKRXhlY1N0YXJ0PS9vcHQvdG9tY2F0L2Jpbi9zdGFydHVwLnNoCkV4ZWNTdG9wPS9vcHQvdG9tY2F0L2Jpbi9zaHV0ZG93bi5zaAoKVXNlcj10b21jYXQKR3JvdXA9dG9tY2F0ClVNYXNrPTAwMDcKUmVzdGFydFNlYz0xMApSZXN0YXJ0PWFsd2F5cwoKW0luc3RhbGxdCldhbnRlZEJ5PW11bHRpLXVzZXIudGFyZ2V0CkVPTAoKc3VkbyBjcCAtdiAvdG1wL3RvbWNhdC5zZXJ2aWNlIC9ldGMvc3lzdGVtZC9zeXN0ZW0vdG9tY2F0LnNlcnZpY2UgCiNEb3dubG9hZCBvdXIgYmluYXJ5CndnZXQgLU8gL3RtcC9oZWxsby53YXIgaHR0cHM6Ly9naXRodWIuY29tL09tZXJDZWxpa2VyL2hlbGxvV3dhci9ibG9iL21hc3Rlci9kaXN0L2hlbGxvLTEuMC40Lndhcj9yYXc9dHJ1ZQpjcCAtdiAvdG1wL2hlbGxvLndhciAvb3B0L3RvbWNhdC93ZWJhcHBzIApzeXN0ZW1jdGwgZGFlbW9uLXJlbG9hZApzeXN0ZW1jdGwgc3RhcnQgdG9tY2F0CnN5c3RlbWN0bCBlbmFibGUgdG9tY2F0",
            "vpc_classic_link_id": "",
            "vpc_classic_link_security_groups": null
          },
          "depends_on": [
            "aws_security_group.default"
          ]
        }
      ]
    },
    {
      "module": "module.vpc",
      "mode": "managed",
      "type": "aws_nat_gateway",
      "name": "this",
      "each": "list",
      "provider": "provider.aws",
      "instances": [
        {
          "index_key": 0,
          "schema_version": 0,
          "attributes": {
            "allocation_id": "eipalloc-0d684c957cfe01b0d",
            "id": "nat-06e19accf04966653",
            "network_interface_id": "eni-07f5817bfd1878ddd",
            "private_ip": "10.0.101.182",
            "public_ip": "13.59.59.125",
            "subnet_id": "subnet-09964e6d3ede3dd5f",
            "tags": {
              "Environment": "dev",
              "Name": "simple-example-us-east-2a",
              "Owner": "user"
            }
          },
          "depends_on": [
            "aws_internet_gateway.this",
            "aws_subnet.public"
          ]
        }
      ]
    },
    {
      "module": "module.vpc",
      "mode": "managed",
      "type": "aws_network_acl",
      "name": "database",
      "each": "list",
      "provider": "provider.aws",
      "instances": []
    },
    {
      "module": "module.vpc",
      "mode": "managed",
      "type": "aws_network_acl",
      "name": "elasticache",
      "each": "list",
      "provider": "provider.aws",
      "instances": []
    },
    {
      "module": "module.vpc",
      "mode": "managed",
      "type": "aws_network_acl",
      "name": "intra",
      "each": "list",
      "provider": "provider.aws",
      "instances": []
    },
    {
      "module": "module.vpc",
      "mode": "managed",
      "type": "aws_network_acl",
      "name": "private",
      "each": "list",
      "provider": "provider.aws",
      "instances": []
    },
    {
      "module": "module.vpc",
      "mode": "managed",
      "type": "aws_network_acl",
      "name": "public",
      "each": "list",
      "provider": "provider.aws",
      "instances": []
    },
    {
      "module": "module.vpc",
      "mode": "managed",
      "type": "aws_network_acl",
      "name": "redshift",
      "each": "list",
      "provider": "provider.aws",
      "instances": []
    },
    {
      "module": "module.vpc",
      "mode": "managed",
      "type": "aws_network_acl_rule",
      "name": "database_inbound",
      "each": "list",
      "provider": "provider.aws",
      "instances": []
    },
    {
      "module": "module.vpc",
      "mode": "managed",
      "type": "aws_network_acl_rule",
      "name": "database_outbound",
      "each": "list",
      "provider": "provider.aws",
      "instances": []
    },
    {
      "module": "module.vpc",
      "mode": "managed",
      "type": "aws_network_acl_rule",
      "name": "elasticache_inbound",
      "each": "list",
      "provider": "provider.aws",
      "instances": []
    },
    {
      "module": "module.vpc",
      "mode": "managed",
      "type": "aws_network_acl_rule",
      "name": "elasticache_outbound",
      "each": "list",
      "provider": "provider.aws",
      "instances": []
    },
    {
      "module": "module.vpc",
      "mode": "managed",
      "type": "aws_network_acl_rule",
      "name": "intra_inbound",
      "each": "list",
      "provider": "provider.aws",
      "instances": []
    },
    {
      "module": "module.vpc",
      "mode": "managed",
      "type": "aws_network_acl_rule",
      "name": "intra_outbound",
      "each": "list",
      "provider": "provider.aws",
      "instances": []
    },
    {
      "module": "module.vpc",
      "mode": "managed",
      "type": "aws_network_acl_rule",
      "name": "private_inbound",
      "each": "list",
      "provider": "provider.aws",
      "instances": []
    },
    {
      "module": "module.vpc",
      "mode": "managed",
      "type": "aws_network_acl_rule",
      "name": "private_outbound",
      "each": "list",
      "provider": "provider.aws",
      "instances": []
    },
    {
      "module": "module.vpc",
      "mode": "managed",
      "type": "aws_network_acl_rule",
      "name": "public_inbound",
      "each": "list",
      "provider": "provider.aws",
      "instances": []
    },
    {
      "module": "module.vpc",
      "mode": "managed",
      "type": "aws_network_acl_rule",
      "name": "public_outbound",
      "each": "list",
      "provider": "provider.aws",
      "instances": []
    },
    {
      "module": "module.vpc",
      "mode": "managed",
      "type": "aws_network_acl_rule",
      "name": "redshift_inbound",
      "each": "list",
      "provider": "provider.aws",
      "instances": []
    },
    {
      "module": "module.vpc",
      "mode": "managed",
      "type": "aws_network_acl_rule",
      "name": "redshift_outbound",
      "each": "list",
      "provider": "provider.aws",
      "instances": []
    },
    {
      "module": "module.vpc",
      "mode": "managed",
      "type": "aws_redshift_subnet_group",
      "name": "redshift",
      "each": "list",
      "provider": "provider.aws",
      "instances": []
    },
    {
      "module": "module.vpc",
      "mode": "managed",
      "type": "aws_route",
      "name": "database_internet_gateway",
      "each": "list",
      "provider": "provider.aws",
      "instances": []
    },
    {
      "module": "module.vpc",
      "mode": "managed",
      "type": "aws_route",
      "name": "database_nat_gateway",
      "each": "list",
      "provider": "provider.aws",
      "instances": []
    },
    {
      "module": "module.vpc",
      "mode": "managed",
      "type": "aws_route",
      "name": "private_nat_gateway",
      "each": "list",
      "provider": "provider.aws",
      "instances": [
        {
          "index_key": 0,
          "schema_version": 0,
          "attributes": {
            "destination_cidr_block": "0.0.0.0/0",
            "destination_ipv6_cidr_block": null,
            "destination_prefix_list_id": "",
            "egress_only_gateway_id": "",
            "gateway_id": "",
            "id": "r-rtb-03def55ef1a7ad22f1080289494",
            "instance_id": "",
            "instance_owner_id": "",
            "nat_gateway_id": "nat-06e19accf04966653",
            "network_interface_id": "",
            "origin": "CreateRoute",
            "route_table_id": "rtb-03def55ef1a7ad22f",
            "state": "active",
            "timeouts": {
              "create": "5m",
              "delete": null
            },
            "transit_gateway_id": "",
            "vpc_peering_connection_id": ""
          },
          "depends_on": [
            "aws_nat_gateway.this",
            "aws_route_table.private"
          ]
        }
      ]
    },
    {
      "module": "module.vpc",
      "mode": "managed",
      "type": "aws_route",
      "name": "public_internet_gateway",
      "each": "list",
      "provider": "provider.aws",
      "instances": [
        {
          "index_key": 0,
          "schema_version": 0,
          "attributes": {
            "destination_cidr_block": "0.0.0.0/0",
            "destination_ipv6_cidr_block": null,
            "destination_prefix_list_id": "",
            "egress_only_gateway_id": "",
            "gateway_id": "igw-072cf23af79fc31f2",
            "id": "r-rtb-01ab0b764165379e71080289494",
            "instance_id": "",
            "instance_owner_id": "",
            "nat_gateway_id": "",
            "network_interface_id": "",
            "origin": "CreateRoute",
            "route_table_id": "rtb-01ab0b764165379e7",
            "state": "active",
            "timeouts": {
              "create": "5m",
              "delete": null
            },
            "transit_gateway_id": "",
            "vpc_peering_connection_id": ""
          },
          "depends_on": [
            "aws_internet_gateway.this[0]",
            "aws_route_table.public[0]"
          ]
        }
      ]
    },
    {
      "mode": "managed",
      "type": "aws_route53_record",
      "name": "record1",
      "provider": "provider.aws",
      "instances": [
        {
          "schema_version": 2,
          "attributes": {
            "alias": [
              {
                "evaluate_target_health": false,
                "name": "terraform-example-elb-991534005.us-east-2.elb.amazonaws.com",
                "zone_id": "Z3AADJGX6KTTL2"
              }
            ],
            "allow_overwrite": true,
            "failover_routing_policy": [],
            "fqdn": "frontend.tf.dev.clouddatatesting.com",
            "geolocation_routing_policy": [],
            "health_check_id": "",
            "id": "ZMLSI7B456HLE_frontend.tf.dev.clouddatatesting.com_A",
            "latency_routing_policy": [],
            "multivalue_answer_routing_policy": null,
            "name": "frontend.tf.dev.clouddatatesting.com",
            "records": [],
            "set_identifier": "",
            "ttl": 0,
            "type": "A",
            "weighted_routing_policy": [],
            "zone_id": "ZMLSI7B456HLE"
          },
          "depends_on": [
            "aws_elb.web",
            "aws_route53_zone.dev"
          ]
        }
      ]
    },
    {
      "mode": "managed",
      "type": "aws_route53_record",
      "name": "record104",
      "provider": "provider.aws",
      "instances": [
        {
          "schema_version": 2,
          "attributes": {
            "alias": [
              {
                "evaluate_target_health": false,
                "name": "terraform-example-elb104-320690740.us-east-2.elb.amazonaws.com",
                "zone_id": "Z3AADJGX6KTTL2"
              }
            ],
            "allow_overwrite": true,
            "failover_routing_policy": [],
            "fqdn": "frontend.tf.dev.clouddatatesting.com",
            "geolocation_routing_policy": [],
            "health_check_id": null,
            "id": "ZMLSI7B456HLE_frontend.tf.dev.clouddatatesting.com_A",
            "latency_routing_policy": [],
            "multivalue_answer_routing_policy": null,
            "name": "frontend.tf.dev.clouddatatesting.com",
            "records": null,
            "set_identifier": null,
            "ttl": null,
            "type": "A",
            "weighted_routing_policy": [],
            "zone_id": "ZMLSI7B456HLE"
          },
          "depends_on": [
            "aws_elb.web104",
            "aws_route53_zone.dev"
          ]
        }
      ]
    },
    {
      "mode": "managed",
      "type": "aws_route53_record",
      "name": "updateparent",
      "provider": "provider.aws",
      "instances": [
        {
          "schema_version": 2,
          "attributes": {
            "alias": [],
            "allow_overwrite": true,
            "failover_routing_policy": [],
            "fqdn": "frontend.tf.dev.clouddatatesting.com",
            "geolocation_routing_policy": [],
            "health_check_id": "",
            "id": "Z17A719MQ1QIZJ_frontend.tf.dev.clouddatatesting.com_NS",
            "latency_routing_policy": [],
            "multivalue_answer_routing_policy": null,
            "name": "frontend.tf.dev.clouddatatesting.com",
            "records": [
              "ns-1100.awsdns-09.org",
              "ns-1882.awsdns-43.co.uk",
              "ns-471.awsdns-58.com",
              "ns-864.awsdns-44.net"
            ],
            "set_identifier": "",
            "ttl": 30,
            "type": "NS",
            "weighted_routing_policy": [],
            "zone_id": "Z17A719MQ1QIZJ"
          },
          "depends_on": [
            "aws_route53_zone.dev"
          ]
        }
      ]
    },
    {
      "mode": "managed",
      "type": "aws_route53_zone",
      "name": "dev",
      "provider": "provider.aws",
      "instances": [
        {
          "schema_version": 0,
          "attributes": {
            "comment": "Managed by Terraform",
            "delegation_set_id": "",
            "force_destroy": false,
            "id": "ZMLSI7B456HLE",
            "name": "tf.dev.clouddatatesting.com.",
            "name_servers": [
              "ns-1100.awsdns-09.org",
              "ns-1882.awsdns-43.co.uk",
              "ns-471.awsdns-58.com",
              "ns-864.awsdns-44.net"
            ],
            "tags": {
              "Environment": "tf dev"
            },
            "vpc": [],
            "vpc_id": null,
            "vpc_region": null,
            "zone_id": "ZMLSI7B456HLE"
          }
        }
      ]
    },
    {
      "module": "module.vpc",
      "mode": "managed",
      "type": "aws_route_table",
      "name": "database",
      "each": "list",
      "provider": "provider.aws",
      "instances": []
    },
    {
      "module": "module.vpc",
      "mode": "managed",
      "type": "aws_route_table",
      "name": "elasticache",
      "each": "list",
      "provider": "provider.aws",
      "instances": []
    },
    {
      "module": "module.vpc",
      "mode": "managed",
      "type": "aws_route_table",
      "name": "intra",
      "each": "list",
      "provider": "provider.aws",
      "instances": []
    },
    {
      "module": "module.vpc",
      "mode": "managed",
      "type": "aws_route_table",
      "name": "private",
      "each": "list",
      "provider": "provider.aws",
      "instances": [
        {
          "index_key": 0,
          "schema_version": 0,
          "attributes": {
            "id": "rtb-03def55ef1a7ad22f",
            "owner_id": "182586707942",
            "propagating_vgws": [],
            "route": [
              {
                "cidr_block": "0.0.0.0/0",
                "egress_only_gateway_id": "",
                "gateway_id": "",
                "instance_id": "",
                "ipv6_cidr_block": "",
                "nat_gateway_id": "nat-06e19accf04966653",
                "network_interface_id": "",
                "transit_gateway_id": "",
                "vpc_peering_connection_id": ""
              }
            ],
            "tags": {
              "Environment": "dev",
              "Name": "simple-example-private",
              "Owner": "user"
            },
            "vpc_id": "vpc-050051b2309b56607"
          }
        }
      ]
    },
    {
      "module": "module.vpc",
      "mode": "managed",
      "type": "aws_route_table",
      "name": "public",
      "each": "list",
      "provider": "provider.aws",
      "instances": [
        {
          "index_key": 0,
          "schema_version": 0,
          "attributes": {
            "id": "rtb-01ab0b764165379e7",
            "owner_id": "182586707942",
            "propagating_vgws": [],
            "route": [
              {
                "cidr_block": "0.0.0.0/0",
                "egress_only_gateway_id": "",
                "gateway_id": "igw-072cf23af79fc31f2",
                "instance_id": "",
                "ipv6_cidr_block": "",
                "nat_gateway_id": "",
                "network_interface_id": "",
                "transit_gateway_id": "",
                "vpc_peering_connection_id": ""
              }
            ],
            "tags": {
              "Environment": "dev",
              "Name": "simple-example-public",
              "Owner": "user"
            },
            "vpc_id": "vpc-050051b2309b56607"
          }
        }
      ]
    },
    {
      "module": "module.vpc",
      "mode": "managed",
      "type": "aws_route_table",
      "name": "redshift",
      "each": "list",
      "provider": "provider.aws",
      "instances": []
    },
    {
      "module": "module.vpc",
      "mode": "managed",
      "type": "aws_route_table_association",
      "name": "database",
      "each": "list",
      "provider": "provider.aws",
      "instances": []
    },
    {
      "module": "module.vpc",
      "mode": "managed",
      "type": "aws_route_table_association",
      "name": "elasticache",
      "each": "list",
      "provider": "provider.aws",
      "instances": []
    },
    {
      "module": "module.vpc",
      "mode": "managed",
      "type": "aws_route_table_association",
      "name": "intra",
      "each": "list",
      "provider": "provider.aws",
      "instances": []
    },
    {
      "module": "module.vpc",
      "mode": "managed",
      "type": "aws_route_table_association",
      "name": "private",
      "each": "list",
      "provider": "provider.aws",
      "instances": [
        {
          "index_key": 0,
          "schema_version": 0,
          "attributes": {
            "id": "rtbassoc-01d1a558752098e9f",
            "route_table_id": "rtb-03def55ef1a7ad22f",
            "subnet_id": "subnet-02549571b2b4fdbfd"
          },
          "depends_on": [
            "aws_route_table.private",
            "aws_subnet.private"
          ]
        },
        {
          "index_key": 1,
          "schema_version": 0,
          "attributes": {
            "id": "rtbassoc-001a21203c4755dd2",
            "route_table_id": "rtb-03def55ef1a7ad22f",
            "subnet_id": "subnet-0cbb7fcc4e82e0a01"
          },
          "depends_on": [
            "aws_route_table.private",
            "aws_subnet.private"
          ]
        }
      ]
    },
    {
      "module": "module.vpc",
      "mode": "managed",
      "type": "aws_route_table_association",
      "name": "public",
      "each": "list",
      "provider": "provider.aws",
      "instances": [
        {
          "index_key": 0,
          "schema_version": 0,
          "attributes": {
            "id": "rtbassoc-013a4806519828e35",
            "route_table_id": "rtb-01ab0b764165379e7",
            "subnet_id": "subnet-09964e6d3ede3dd5f"
          },
          "depends_on": [
            "aws_route_table.public[0]",
            "aws_subnet.public"
          ]
        },
        {
          "index_key": 1,
          "schema_version": 0,
          "attributes": {
            "id": "rtbassoc-04e4911e5ad776391",
            "route_table_id": "rtb-01ab0b764165379e7",
            "subnet_id": "subnet-0f0dd121efe8ec47b"
          },
          "depends_on": [
            "aws_route_table.public[0]",
            "aws_subnet.public"
          ]
        }
      ]
    },
    {
      "module": "module.vpc",
      "mode": "managed",
      "type": "aws_route_table_association",
      "name": "redshift",
      "each": "list",
      "provider": "provider.aws",
      "instances": []
    },
    {
      "module": "module.vpc",
      "mode": "managed",
      "type": "aws_route_table_association",
      "name": "redshift_public",
      "each": "list",
      "provider": "provider.aws",
      "instances": []
    },
    {
      "mode": "managed",
      "type": "aws_security_group",
      "name": "default",
      "provider": "provider.aws",
      "instances": [
        {
          "schema_version": 1,
          "attributes": {
            "arn": "arn:aws:ec2:us-east-2:182586707942:security-group/sg-09ce149fa7a06cc11",
            "description": "Used in the terraform",
            "egress": [
              {
                "cidr_blocks": [
                  "0.0.0.0/0"
                ],
                "description": "",
                "from_port": 0,
                "ipv6_cidr_blocks": [],
                "prefix_list_ids": [],
                "protocol": "-1",
                "security_groups": [],
                "self": false,
                "to_port": 0
              }
            ],
            "id": "sg-09ce149fa7a06cc11",
            "ingress": [
              {
                "cidr_blocks": [
                  "0.0.0.0/0"
                ],
                "description": "",
                "from_port": 22,
                "ipv6_cidr_blocks": [],
                "prefix_list_ids": [],
                "protocol": "tcp",
                "security_groups": [],
                "self": false,
                "to_port": 22
              },
              {
                "cidr_blocks": [
                  "0.0.0.0/0"
                ],
                "description": "",
                "from_port": 80,
                "ipv6_cidr_blocks": [],
                "prefix_list_ids": [],
                "protocol": "tcp",
                "security_groups": [],
                "self": false,
                "to_port": 8080
              }
            ],
            "name": "terraform_example",
            "name_prefix": null,
            "owner_id": "182586707942",
            "revoke_rules_on_delete": false,
            "tags": {},
            "timeouts": null,
            "vpc_id": "vpc-050051b2309b56607"
          },
          "depends_on": [
            "module.vpc"
          ]
        }
      ]
    },
    {
      "mode": "managed",
      "type": "aws_security_group",
      "name": "elb",
      "provider": "provider.aws",
      "instances": [
        {
          "schema_version": 1,
          "attributes": {
            "arn": "arn:aws:ec2:us-east-2:182586707942:security-group/sg-08fd0802d21ba7e97",
            "description": "Used in the terraform",
            "egress": [
              {
                "cidr_blocks": [
                  "0.0.0.0/0"
                ],
                "description": "",
                "from_port": 0,
                "ipv6_cidr_blocks": [],
                "prefix_list_ids": [],
                "protocol": "-1",
                "security_groups": [],
                "self": false,
                "to_port": 0
              }
            ],
            "id": "sg-08fd0802d21ba7e97",
            "ingress": [
              {
                "cidr_blocks": [
                  "0.0.0.0/0"
                ],
                "description": "",
                "from_port": 80,
                "ipv6_cidr_blocks": [],
                "prefix_list_ids": [],
                "protocol": "tcp",
                "security_groups": [],
                "self": false,
                "to_port": 8080
              }
            ],
            "name": "terraform_example_elb",
            "name_prefix": null,
            "owner_id": "182586707942",
            "revoke_rules_on_delete": false,
            "tags": {},
            "timeouts": null,
            "vpc_id": "vpc-050051b2309b56607"
          },
          "depends_on": [
            "module.vpc"
          ]
        }
      ]
    },
    {
      "module": "module.vpc",
      "mode": "managed",
      "type": "aws_subnet",
      "name": "database",
      "each": "list",
      "provider": "provider.aws",
      "instances": []
    },
    {
      "module": "module.vpc",
      "mode": "managed",
      "type": "aws_subnet",
      "name": "elasticache",
      "each": "list",
      "provider": "provider.aws",
      "instances": []
    },
    {
      "module": "module.vpc",
      "mode": "managed",
      "type": "aws_subnet",
      "name": "intra",
      "each": "list",
      "provider": "provider.aws",
      "instances": []
    },
    {
      "module": "module.vpc",
      "mode": "managed",
      "type": "aws_subnet",
      "name": "private",
      "each": "list",
      "provider": "provider.aws",
      "instances": [
        {
          "index_key": 0,
          "schema_version": 1,
          "attributes": {
            "arn": "arn:aws:ec2:us-east-2:182586707942:subnet/subnet-02549571b2b4fdbfd",
            "assign_ipv6_address_on_creation": false,
            "availability_zone": "us-east-2a",
            "availability_zone_id": "use2-az1",
            "cidr_block": "10.0.1.0/24",
            "id": "subnet-02549571b2b4fdbfd",
            "ipv6_cidr_block": "",
            "ipv6_cidr_block_association_id": "",
            "map_public_ip_on_launch": false,
            "owner_id": "182586707942",
            "tags": {
              "Environment": "dev",
              "Name": "simple-example-private-us-east-2a",
              "Owner": "user"
            },
            "timeouts": null,
            "vpc_id": "vpc-050051b2309b56607"
          }
        },
        {
          "index_key": 1,
          "schema_version": 1,
          "attributes": {
            "arn": "arn:aws:ec2:us-east-2:182586707942:subnet/subnet-0cbb7fcc4e82e0a01",
            "assign_ipv6_address_on_creation": false,
            "availability_zone": "us-east-2b",
            "availability_zone_id": "use2-az2",
            "cidr_block": "10.0.2.0/24",
            "id": "subnet-0cbb7fcc4e82e0a01",
            "ipv6_cidr_block": "",
            "ipv6_cidr_block_association_id": "",
            "map_public_ip_on_launch": false,
            "owner_id": "182586707942",
            "tags": {
              "Environment": "dev",
              "Name": "simple-example-private-us-east-2b",
              "Owner": "user"
            },
            "timeouts": null,
            "vpc_id": "vpc-050051b2309b56607"
          }
        }
      ]
    },
    {
      "module": "module.vpc",
      "mode": "managed",
      "type": "aws_subnet",
      "name": "public",
      "each": "list",
      "provider": "provider.aws",
      "instances": [
        {
          "index_key": 0,
          "schema_version": 1,
          "attributes": {
            "arn": "arn:aws:ec2:us-east-2:182586707942:subnet/subnet-09964e6d3ede3dd5f",
            "assign_ipv6_address_on_creation": false,
            "availability_zone": "us-east-2a",
            "availability_zone_id": "use2-az1",
            "cidr_block": "10.0.101.0/24",
            "id": "subnet-09964e6d3ede3dd5f",
            "ipv6_cidr_block": "",
            "ipv6_cidr_block_association_id": "",
            "map_public_ip_on_launch": true,
            "owner_id": "182586707942",
            "tags": {
              "Environment": "dev",
              "Name": "overridden-name-public",
              "Owner": "user"
            },
            "timeouts": null,
            "vpc_id": "vpc-050051b2309b56607"
          }
        },
        {
          "index_key": 1,
          "schema_version": 1,
          "attributes": {
            "arn": "arn:aws:ec2:us-east-2:182586707942:subnet/subnet-0f0dd121efe8ec47b",
            "assign_ipv6_address_on_creation": false,
            "availability_zone": "us-east-2b",
            "availability_zone_id": "use2-az2",
            "cidr_block": "10.0.102.0/24",
            "id": "subnet-0f0dd121efe8ec47b",
            "ipv6_cidr_block": "",
            "ipv6_cidr_block_association_id": "",
            "map_public_ip_on_launch": true,
            "owner_id": "182586707942",
            "tags": {
              "Environment": "dev",
              "Name": "overridden-name-public",
              "Owner": "user"
            },
            "timeouts": null,
            "vpc_id": "vpc-050051b2309b56607"
          }
        }
      ]
    },
    {
      "module": "module.vpc",
      "mode": "managed",
      "type": "aws_subnet",
      "name": "redshift",
      "each": "list",
      "provider": "provider.aws",
      "instances": []
    },
    {
      "module": "module.vpc",
      "mode": "managed",
      "type": "aws_vpc",
      "name": "this",
      "each": "list",
      "provider": "provider.aws",
      "instances": [
        {
          "index_key": 0,
          "schema_version": 1,
          "attributes": {
            "arn": "arn:aws:ec2:us-east-2:182586707942:vpc/vpc-050051b2309b56607",
            "assign_generated_ipv6_cidr_block": true,
            "cidr_block": "10.0.0.0/16",
            "default_network_acl_id": "acl-0e19bcf03a4381859",
            "default_route_table_id": "rtb-00f70f83d17b8b26b",
            "default_security_group_id": "sg-050faded6e4f7d694",
            "dhcp_options_id": "dopt-6f678d04",
            "enable_classiclink": null,
            "enable_classiclink_dns_support": null,
            "enable_dns_hostnames": false,
            "enable_dns_support": true,
            "id": "vpc-050051b2309b56607",
            "instance_tenancy": "default",
            "ipv6_association_id": "vpc-cidr-assoc-0ccff2fb237105f6b",
            "ipv6_cidr_block": "2600:1f16:8a5:2800::/56",
            "main_route_table_id": "rtb-00f70f83d17b8b26b",
            "owner_id": "182586707942",
            "tags": {
              "Environment": "dev",
              "Name": "vpc-name",
              "Owner": "user"
            }
          }
        }
      ]
    },
    {
      "module": "module.vpc",
      "mode": "managed",
      "type": "aws_vpc_dhcp_options",
      "name": "this",
      "each": "list",
      "provider": "provider.aws",
      "instances": []
    },
    {
      "module": "module.vpc",
      "mode": "managed",
      "type": "aws_vpc_dhcp_options_association",
      "name": "this",
      "each": "list",
      "provider": "provider.aws",
      "instances": []
    },
    {
      "module": "module.vpc",
      "mode": "managed",
      "type": "aws_vpc_endpoint",
      "name": "apigw",
      "each": "list",
      "provider": "provider.aws",
      "instances": []
    },
    {
      "module": "module.vpc",
      "mode": "managed",
      "type": "aws_vpc_endpoint",
      "name": "cloudtrail",
      "each": "list",
      "provider": "provider.aws",
      "instances": []
    },
    {
      "module": "module.vpc",
      "mode": "managed",
      "type": "aws_vpc_endpoint",
      "name": "dynamodb",
      "each": "list",
      "provider": "provider.aws",
      "instances": []
    },
    {
      "module": "module.vpc",
      "mode": "managed",
      "type": "aws_vpc_endpoint",
      "name": "ec2",
      "each": "list",
      "provider": "provider.aws",
      "instances": []
    },
    {
      "module": "module.vpc",
      "mode": "managed",
      "type": "aws_vpc_endpoint",
      "name": "ec2messages",
      "each": "list",
      "provider": "provider.aws",
      "instances": []
    },
    {
      "module": "module.vpc",
      "mode": "managed",
      "type": "aws_vpc_endpoint",
      "name": "ecr_api",
      "each": "list",
      "provider": "provider.aws",
      "instances": []
    },
    {
      "module": "module.vpc",
      "mode": "managed",
      "type": "aws_vpc_endpoint",
      "name": "ecr_dkr",
      "each": "list",
      "provider": "provider.aws",
      "instances": []
    },
    {
      "module": "module.vpc",
      "mode": "managed",
      "type": "aws_vpc_endpoint",
      "name": "ecs",
      "each": "list",
      "provider": "provider.aws",
      "instances": []
    },
    {
      "module": "module.vpc",
      "mode": "managed",
      "type": "aws_vpc_endpoint",
      "name": "ecs_agent",
      "each": "list",
      "provider": "provider.aws",
      "instances": []
    },
    {
      "module": "module.vpc",
      "mode": "managed",
      "type": "aws_vpc_endpoint",
      "name": "ecs_telemetry",
      "each": "list",
      "provider": "provider.aws",
      "instances": []
    },
    {
      "module": "module.vpc",
      "mode": "managed",
      "type": "aws_vpc_endpoint",
      "name": "elasticloadbalancing",
      "each": "list",
      "provider": "provider.aws",
      "instances": []
    },
    {
      "module": "module.vpc",
      "mode": "managed",
      "type": "aws_vpc_endpoint",
      "name": "events",
      "each": "list",
      "provider": "provider.aws",
      "instances": []
    },
    {
      "module": "module.vpc",
      "mode": "managed",
      "type": "aws_vpc_endpoint",
      "name": "kms",
      "each": "list",
      "provider": "provider.aws",
      "instances": []
    },
    {
      "module": "module.vpc",
      "mode": "managed",
      "type": "aws_vpc_endpoint",
      "name": "logs",
      "each": "list",
      "provider": "provider.aws",
      "instances": []
    },
    {
      "module": "module.vpc",
      "mode": "managed",
      "type": "aws_vpc_endpoint",
      "name": "monitoring",
      "each": "list",
      "provider": "provider.aws",
      "instances": []
    },
    {
      "module": "module.vpc",
      "mode": "managed",
      "type": "aws_vpc_endpoint",
      "name": "s3",
      "each": "list",
      "provider": "provider.aws",
      "instances": []
    },
    {
      "module": "module.vpc",
      "mode": "managed",
      "type": "aws_vpc_endpoint",
      "name": "sns",
      "each": "list",
      "provider": "provider.aws",
      "instances": []
    },
    {
      "module": "module.vpc",
      "mode": "managed",
      "type": "aws_vpc_endpoint",
      "name": "sqs",
      "each": "list",
      "provider": "provider.aws",
      "instances": []
    },
    {
      "module": "module.vpc",
      "mode": "managed",
      "type": "aws_vpc_endpoint",
      "name": "ssm",
      "each": "list",
      "provider": "provider.aws",
      "instances": []
    },
    {
      "module": "module.vpc",
      "mode": "managed",
      "type": "aws_vpc_endpoint",
      "name": "ssmmessages",
      "each": "list",
      "provider": "provider.aws",
      "instances": []
    },
    {
      "module": "module.vpc",
      "mode": "managed",
      "type": "aws_vpc_endpoint_route_table_association",
      "name": "intra_dynamodb",
      "each": "list",
      "provider": "provider.aws",
      "instances": []
    },
    {
      "module": "module.vpc",
      "mode": "managed",
      "type": "aws_vpc_endpoint_route_table_association",
      "name": "intra_s3",
      "each": "list",
      "provider": "provider.aws",
      "instances": []
    },
    {
      "module": "module.vpc",
      "mode": "managed",
      "type": "aws_vpc_endpoint_route_table_association",
      "name": "private_dynamodb",
      "each": "list",
      "provider": "provider.aws",
      "instances": []
    },
    {
      "module": "module.vpc",
      "mode": "managed",
      "type": "aws_vpc_endpoint_route_table_association",
      "name": "private_s3",
      "each": "list",
      "provider": "provider.aws",
      "instances": []
    },
    {
      "module": "module.vpc",
      "mode": "managed",
      "type": "aws_vpc_endpoint_route_table_association",
      "name": "public_dynamodb",
      "each": "list",
      "provider": "provider.aws",
      "instances": []
    },
    {
      "module": "module.vpc",
      "mode": "managed",
      "type": "aws_vpc_endpoint_route_table_association",
      "name": "public_s3",
      "each": "list",
      "provider": "provider.aws",
      "instances": []
    },
    {
      "module": "module.vpc",
      "mode": "managed",
      "type": "aws_vpc_ipv4_cidr_block_association",
      "name": "this",
      "each": "list",
      "provider": "provider.aws",
      "instances": []
    },
    {
      "module": "module.vpc",
      "mode": "managed",
      "type": "aws_vpn_gateway",
      "name": "this",
      "each": "list",
      "provider": "provider.aws",
      "instances": []
    },
    {
      "module": "module.vpc",
      "mode": "managed",
      "type": "aws_vpn_gateway_attachment",
      "name": "this",
      "each": "list",
      "provider": "provider.aws",
      "instances": []
    },
    {
      "module": "module.vpc",
      "mode": "managed",
      "type": "aws_vpn_gateway_route_propagation",
      "name": "private",
      "each": "list",
      "provider": "provider.aws",
      "instances": []
    },
    {
      "module": "module.vpc",
      "mode": "managed",
      "type": "aws_vpn_gateway_route_propagation",
      "name": "public",
      "each": "list",
      "provider": "provider.aws",
      "instances": []
    }
  ]
}
